<?xml version="1.0" encoding="utf-8"?>
<Project ToolsVersion="4.0" xmlns="http://schemas.microsoft.com/developer/msbuild/2003">
  <ItemGroup>
    <Filter Include="Source Files">
      <UniqueIdentifier>{641e1307-ecab-4ce1-8849-9f08035a4fa9}</UniqueIdentifier>
      <Extensions>cpp;c;cxx;def;odl;idl;hpj;bat;asm</Extensions>
    </Filter>
    <Filter Include="Header Files">
      <UniqueIdentifier>{cd217bf3-36dd-4bd6-86e4-6a71fcbb8536}</UniqueIdentifier>
      <Extensions>h;hpp;hxx;hm;inl;inc</Extensions>
    </Filter>
    <Filter Include="Resource Files">
      <UniqueIdentifier>{fe3c99f9-07d0-4d9d-9b05-a05d8beca68d}</UniqueIdentifier>
      <Extensions>rc;ico;cur;bmp;dlg;rc2;rct;bin;rgs;gif;jpg;jpeg;jpe</Extensions>
    </Filter>
    <Filter Include="Resource Files\Header %28hrc%29">
      <UniqueIdentifier>{48fd1203-45b7-481f-b019-33e34a9fa226}</UniqueIdentifier>
    </Filter>
  </ItemGroup>
  <ItemGroup>
    <ClCompile Include="stdafx.cpp">
      <Filter>Source Files</Filter>
    </ClCompile>
    <ClCompile Include="TbXmlCore.cpp">
      <Filter>Source Files</Filter>
    </ClCompile>
    <ClCompile Include="XMLDocObj.cpp">
      <Filter>Source Files</Filter>
    </ClCompile>
    <ClCompile Include="XMLGeneric.cpp">
      <Filter>Source Files</Filter>
    </ClCompile>
    <ClCompile Include="XMLParser.cpp">
      <Filter>Source Files</Filter>
    </ClCompile>
    <ClCompile Include="XMLSaxReader.cpp">
      <Filter>Source Files</Filter>
    </ClCompile>
    <ClCompile Include="XMLSchema.cpp">
      <Filter>Source Files</Filter>
    </ClCompile>
    <ClCompile Include="XSLTDocObj.cpp">
      <Filter>Source Files</Filter>
    </ClCompile>
  </ItemGroup>
  <ItemGroup>
    <None Include="TbXmlCore.def">
      <Filter>Source Files</Filter>
    </None>
    <None Include="Beginh.dex">
      <Filter>Header Files</Filter>
    </None>
    <None Include="endh.dex">
      <Filter>Header Files</Filter>
    </None>
    <None Include="Module.config" />
    <None Include="TbXmlCore.hrc">
      <Filter>Resource Files\Header %28hrc%29</Filter>
    </None>
  </ItemGroup>
  <ItemGroup>
    <ClInclude Include="stdafx.h">
      <Filter>Header Files</Filter>
    </ClInclude>
    <ClInclude Include="XMLDocObj.h">
      <Filter>Header Files</Filter>
    </ClInclude>
    <ClInclude Include="XMLGeneric.h">
      <Filter>Header Files</Filter>
    </ClInclude>
    <ClInclude Include="XMLParser.h">
      <Filter>Header Files</Filter>
    </ClInclude>
    <ClInclude Include="XMLSaxReader.h">
      <Filter>Header Files</Filter>
    </ClInclude>
    <ClInclude Include="XMLSchema.h">
      <Filter>Header Files</Filter>
    </ClInclude>
    <ClInclude Include="XMLTags.h">
      <Filter>Header Files</Filter>
    </ClInclude>
    <ClInclude Include="XSLTDocObj.h">
      <Filter>Header Files</Filter>
    </ClInclude>
  </ItemGroup>
  <ItemGroup>
    <ResourceCompile Include="TbXmlCore.rc">
      <Filter>Resource Files</Filter>
    </ResourceCompile>
  </ItemGroup>
</Project>