
Microsoft Visual Studio Solution File, Format Version 11.00
# Visual Studio 2010
Project("{FAE04EC0-301F-11D3-BF4B-00C04F79EFBC}") = "TbSenderTestUI", "Tools\TbSenderTestUI\TbSenderTestUI.csproj", "{4A156E61-3387-4548-9482-9668D3B97DA8}"
EndProject
Project("{FAE04EC0-301F-11D3-BF4B-00C04F79EFBC}") = "Microarea.TaskBuilderNet.TbSenderBL", "TaskBuilderNet\Microarea.TaskBuilderNet.TbSenderBL\Microarea.TaskBuilderNet.TbSenderBL.csproj", "{645A03C9-F4AF-46BF-8F7A-B8672A04149D}"
EndProject
Project("{FAE04EC0-301F-11D3-BF4B-00C04F79EFBC}") = "Microarea.TaskBuilderNet.Core", "TaskBuilderNet\Microarea.TaskBuilderNet.Core\Microarea.TaskBuilderNet.Core.csproj", "{DCA1DC48-522C-41FA-9E43-3DCCE3ED0FE3}"
EndProject
Project("{FAE04EC0-301F-11D3-BF4B-00C04F79EFBC}") = "Microarea.TaskBuilderNet.Interfaces", "TaskBuilderNet\Microarea.TaskBuilderNet.Interfaces\Microarea.TaskBuilderNet.Interfaces.csproj", "{D21FD41D-0C68-40EF-A65A-CCFA47A05F3E}"
EndProject
Project("{FAE04EC0-301F-11D3-BF4B-00C04F79EFBC}") = "PostaLiteEmulator", "Tools\PostaLiteEmulator\PostaLiteEmulator.csproj", "{2B9ED395-4D7D-4ACD-8287-540CDE3AFCFB}"
EndProject
Project("{FAE04EC0-301F-11D3-BF4B-00C04F79EFBC}") = "TbSender", "WebFramework\TbSender\TbSender.csproj", "{63DB8BE1-9846-47AE-8582-A1E4F971ABEA}"
EndProject
Project("{54435603-DBB4-11D2-8724-00A0C9A8B90C}") = "PostaLiteEmulatorSetup", "Tools\PostaLiteEmulatorSetup\PostaLiteEmulatorSetup.vdproj", "{24A6FA92-C463-479F-8606-8BC9E53DC052}"
EndProject
Project("{FAE04EC0-301F-11D3-BF4B-00C04F79EFBC}") = "PostaLiteTrackerWS", "..\..\..\WebServices\PostaLiteTrackerWS\PostaLiteTrackerWS.csproj", "{BFCFF64F-43C8-43FF-9950-A5D65B6ECC9C}"
EndProject
Global
	GlobalSection(TeamFoundationVersionControl) = preSolution
		SccNumberOfProjects = 9
		SccEnterpriseProvider = {4CA58AB2-18FA-4F8D-95D4-32DDF27D184C}
		SccTeamFoundationServer = http://srv-tfs8:8080/
		SccLocalPath0 = .
		SccProjectUniqueName1 = TaskBuilderNet\\Microarea.TaskBuilderNet.TbSenderBL\\Microarea.TaskBuilderNet.TbSenderBL.csproj
		SccProjectName1 = TaskBuilderNet/Microarea.TaskBuilderNet.TbSenderBL
		SccLocalPath1 = TaskBuilderNet\\Microarea.TaskBuilderNet.TbSenderBL
		SccProjectUniqueName2 = Tools\\TbSenderTestUI\\TbSenderTestUI.csproj
		SccProjectName2 = Tools/TbSenderTestUI
		SccLocalPath2 = Tools\\TbSenderTestUI
		SccProjectUniqueName3 = TaskBuilderNet\\Microarea.TaskBuilderNet.Core\\Microarea.TaskBuilderNet.Core.csproj
		SccProjectName3 = TaskBuilderNet/Microarea.TaskBuilderNet.Core
		SccLocalPath3 = TaskBuilderNet\\Microarea.TaskBuilderNet.Core
		SccProjectUniqueName4 = TaskBuilderNet\\Microarea.TaskBuilderNet.Interfaces\\Microarea.TaskBuilderNet.Interfaces.csproj
		SccProjectName4 = TaskBuilderNet/Microarea.TaskBuilderNet.Interfaces
		SccLocalPath4 = TaskBuilderNet\\Microarea.TaskBuilderNet.Interfaces
		SccProjectUniqueName5 = Tools\\PostaLiteEmulator\\PostaLiteEmulator.csproj
		SccProjectName5 = ../InternalTools/PostaLiteEmulator
		SccLocalPath5 = Tools\\PostaLiteEmulator
		SccProjectUniqueName6 = WebFramework\\TbSender\\TbSender.csproj
		SccProjectName6 = WebFramework/TbSender
		SccLocalPath6 = WebFramework\\TbSender
		SccProjectUniqueName7 = Tools\\PostaLiteEmulatorSetup\\PostaLiteEmulatorSetup.vdproj
		SccProjectName7 = ../InternalTools/PostaLiteEmulatorSetup
		SccLocalPath7 = Tools\\PostaLiteEmulatorSetup
		SccProjectUniqueName8 = ..\\..\\..\\WebServices\\PostaLiteTrackerWS\\PostaLiteTrackerWS.csproj
		SccProjectName8 = ../WebServices/PostaLiteTrackerWS
		SccLocalPath8 = ..\\..\\..\\WebServices\\PostaLiteTrackerWS
	EndGlobalSection
	GlobalSection(SolutionConfigurationPlatforms) = preSolution
		Debug|Any CPU = Debug|Any CPU
		Debug|Mixed Platforms = Debug|Mixed Platforms
		Debug|x86 = Debug|x86
		Release|Any CPU = Release|Any CPU
		Release|Mixed Platforms = Release|Mixed Platforms
		Release|x86 = Release|x86
	EndGlobalSection
	GlobalSection(ProjectConfigurationPlatforms) = postSolution
		{4A156E61-3387-4548-9482-9668D3B97DA8}.Debug|Any CPU.ActiveCfg = Debug|x86
		{4A156E61-3387-4548-9482-9668D3B97DA8}.Debug|Mixed Platforms.ActiveCfg = Debug|x86
		{4A156E61-3387-4548-9482-9668D3B97DA8}.Debug|Mixed Platforms.Build.0 = Debug|x86
		{4A156E61-3387-4548-9482-9668D3B97DA8}.Debug|x86.ActiveCfg = Debug|x86
		{4A156E61-3387-4548-9482-9668D3B97DA8}.Debug|x86.Build.0 = Debug|x86
		{4A156E61-3387-4548-9482-9668D3B97DA8}.Release|Any CPU.ActiveCfg = Release|x86
		{4A156E61-3387-4548-9482-9668D3B97DA8}.Release|Mixed Platforms.ActiveCfg = Release|x86
		{4A156E61-3387-4548-9482-9668D3B97DA8}.Release|Mixed Platforms.Build.0 = Release|x86
		{4A156E61-3387-4548-9482-9668D3B97DA8}.Release|x86.ActiveCfg = Release|x86
		{4A156E61-3387-4548-9482-9668D3B97DA8}.Release|x86.Build.0 = Release|x86
		{645A03C9-F4AF-46BF-8F7A-B8672A04149D}.Debug|Any CPU.ActiveCfg = Debug|Any CPU
		{645A03C9-F4AF-46BF-8F7A-B8672A04149D}.Debug|Any CPU.Build.0 = Debug|Any CPU
		{645A03C9-F4AF-46BF-8F7A-B8672A04149D}.Debug|Mixed Platforms.ActiveCfg = Debug|Any CPU
		{645A03C9-F4AF-46BF-8F7A-B8672A04149D}.Debug|Mixed Platforms.Build.0 = Debug|Any CPU
		{645A03C9-F4AF-46BF-8F7A-B8672A04149D}.Debug|x86.ActiveCfg = Debug|Any CPU
		{645A03C9-F4AF-46BF-8F7A-B8672A04149D}.Release|Any CPU.ActiveCfg = Release|Any CPU
		{645A03C9-F4AF-46BF-8F7A-B8672A04149D}.Release|Any CPU.Build.0 = Release|Any CPU
		{645A03C9-F4AF-46BF-8F7A-B8672A04149D}.Release|Mixed Platforms.ActiveCfg = Release|Any CPU
		{645A03C9-F4AF-46BF-8F7A-B8672A04149D}.Release|Mixed Platforms.Build.0 = Release|Any CPU
		{645A03C9-F4AF-46BF-8F7A-B8672A04149D}.Release|x86.ActiveCfg = Release|Any CPU
		{DCA1DC48-522C-41FA-9E43-3DCCE3ED0FE3}.Debug|Any CPU.ActiveCfg = Debug|Any CPU
		{DCA1DC48-522C-41FA-9E43-3DCCE3ED0FE3}.Debug|Any CPU.Build.0 = Debug|Any CPU
		{DCA1DC48-522C-41FA-9E43-3DCCE3ED0FE3}.Debug|Mixed Platforms.ActiveCfg = Debug|Any CPU
		{DCA1DC48-522C-41FA-9E43-3DCCE3ED0FE3}.Debug|Mixed Platforms.Build.0 = Debug|Any CPU
		{DCA1DC48-522C-41FA-9E43-3DCCE3ED0FE3}.Debug|x86.ActiveCfg = Debug|Any CPU
		{DCA1DC48-522C-41FA-9E43-3DCCE3ED0FE3}.Release|Any CPU.ActiveCfg = Release|Any CPU
		{DCA1DC48-522C-41FA-9E43-3DCCE3ED0FE3}.Release|Any CPU.Build.0 = Release|Any CPU
		{DCA1DC48-522C-41FA-9E43-3DCCE3ED0FE3}.Release|Mixed Platforms.ActiveCfg = Release|Any CPU
		{DCA1DC48-522C-41FA-9E43-3DCCE3ED0FE3}.Release|Mixed Platforms.Build.0 = Release|Any CPU
		{DCA1DC48-522C-41FA-9E43-3DCCE3ED0FE3}.Release|x86.ActiveCfg = Release|Any CPU
		{D21FD41D-0C68-40EF-A65A-CCFA47A05F3E}.Debug|Any CPU.ActiveCfg = Debug|Any CPU
		{D21FD41D-0C68-40EF-A65A-CCFA47A05F3E}.Debug|Any CPU.Build.0 = Debug|Any CPU
		{D21FD41D-0C68-40EF-A65A-CCFA47A05F3E}.Debug|Mixed Platforms.ActiveCfg = Debug|Any CPU
		{D21FD41D-0C68-40EF-A65A-CCFA47A05F3E}.Debug|Mixed Platforms.Build.0 = Debug|Any CPU
		{D21FD41D-0C68-40EF-A65A-CCFA47A05F3E}.Debug|x86.ActiveCfg = Debug|Any CPU
		{D21FD41D-0C68-40EF-A65A-CCFA47A05F3E}.Release|Any CPU.ActiveCfg = Release|Any CPU
		{D21FD41D-0C68-40EF-A65A-CCFA47A05F3E}.Release|Any CPU.Build.0 = Release|Any CPU
		{D21FD41D-0C68-40EF-A65A-CCFA47A05F3E}.Release|Mixed Platforms.ActiveCfg = Release|Any CPU
		{D21FD41D-0C68-40EF-A65A-CCFA47A05F3E}.Release|Mixed Platforms.Build.0 = Release|Any CPU
		{D21FD41D-0C68-40EF-A65A-CCFA47A05F3E}.Release|x86.ActiveCfg = Release|Any CPU
		{2B9ED395-4D7D-4ACD-8287-540CDE3AFCFB}.Debug|Any CPU.ActiveCfg = Debug|Any CPU
		{2B9ED395-4D7D-4ACD-8287-540CDE3AFCFB}.Debug|Any CPU.Build.0 = Debug|Any CPU
		{2B9ED395-4D7D-4ACD-8287-540CDE3AFCFB}.Debug|Mixed Platforms.ActiveCfg = Debug|Any CPU
		{2B9ED395-4D7D-4ACD-8287-540CDE3AFCFB}.Debug|Mixed Platforms.Build.0 = Debug|Any CPU
		{2B9ED395-4D7D-4ACD-8287-540CDE3AFCFB}.Debug|x86.ActiveCfg = Debug|Any CPU
		{2B9ED395-4D7D-4ACD-8287-540CDE3AFCFB}.Release|Any CPU.ActiveCfg = Release|Any CPU
		{2B9ED395-4D7D-4ACD-8287-540CDE3AFCFB}.Release|Any CPU.Build.0 = Release|Any CPU
		{2B9ED395-4D7D-4ACD-8287-540CDE3AFCFB}.Release|Mixed Platforms.ActiveCfg = Release|Any CPU
		{2B9ED395-4D7D-4ACD-8287-540CDE3AFCFB}.Release|Mixed Platforms.Build.0 = Release|Any CPU
		{2B9ED395-4D7D-4ACD-8287-540CDE3AFCFB}.Release|x86.ActiveCfg = Release|Any CPU
		{63DB8BE1-9846-47AE-8582-A1E4F971ABEA}.Debug|Any CPU.ActiveCfg = Debug|Any CPU
		{63DB8BE1-9846-47AE-8582-A1E4F971ABEA}.Debug|Any CPU.Build.0 = Debug|Any CPU
		{63DB8BE1-9846-47AE-8582-A1E4F971ABEA}.Debug|Mixed Platforms.ActiveCfg = Debug|Any CPU
		{63DB8BE1-9846-47AE-8582-A1E4F971ABEA}.Debug|Mixed Platforms.Build.0 = Debug|Any CPU
		{63DB8BE1-9846-47AE-8582-A1E4F971ABEA}.Debug|x86.ActiveCfg = Debug|Any CPU
		{63DB8BE1-9846-47AE-8582-A1E4F971ABEA}.Release|Any CPU.ActiveCfg = Release|Any CPU
		{63DB8BE1-9846-47AE-8582-A1E4F971ABEA}.Release|Any CPU.Build.0 = Release|Any CPU
		{63DB8BE1-9846-47AE-8582-A1E4F971ABEA}.Release|Mixed Platforms.ActiveCfg = Release|Any CPU
		{63DB8BE1-9846-47AE-8582-A1E4F971ABEA}.Release|Mixed Platforms.Build.0 = Release|Any CPU
		{63DB8BE1-9846-47AE-8582-A1E4F971ABEA}.Release|x86.ActiveCfg = Release|Any CPU
		{24A6FA92-C463-479F-8606-8BC9E53DC052}.Debug|Any CPU.ActiveCfg = Debug
		{24A6FA92-C463-479F-8606-8BC9E53DC052}.Debug|Mixed Platforms.ActiveCfg = Debug
		{24A6FA92-C463-479F-8606-8BC9E53DC052}.Debug|x86.ActiveCfg = Debug
		{24A6FA92-C463-479F-8606-8BC9E53DC052}.Release|Any CPU.ActiveCfg = Release
		{24A6FA92-C463-479F-8606-8BC9E53DC052}.Release|Mixed Platforms.ActiveCfg = Release
		{24A6FA92-C463-479F-8606-8BC9E53DC052}.Release|x86.ActiveCfg = Release
		{BFCFF64F-43C8-43FF-9950-A5D65B6ECC9C}.Debug|Any CPU.ActiveCfg = Debug|Any CPU
		{BFCFF64F-43C8-43FF-9950-A5D65B6ECC9C}.Debug|Any CPU.Build.0 = Debug|Any CPU
		{BFCFF64F-43C8-43FF-9950-A5D65B6ECC9C}.Debug|Mixed Platforms.ActiveCfg = Debug|Any CPU
		{BFCFF64F-43C8-43FF-9950-A5D65B6ECC9C}.Debug|Mixed Platforms.Build.0 = Debug|Any CPU
		{BFCFF64F-43C8-43FF-9950-A5D65B6ECC9C}.Debug|x86.ActiveCfg = Debug|Any CPU
		{BFCFF64F-43C8-43FF-9950-A5D65B6ECC9C}.Release|Any CPU.ActiveCfg = Release|Any CPU
		{BFCFF64F-43C8-43FF-9950-A5D65B6ECC9C}.Release|Any CPU.Build.0 = Release|Any CPU
		{BFCFF64F-43C8-43FF-9950-A5D65B6ECC9C}.Release|Mixed Platforms.ActiveCfg = Release|Any CPU
		{BFCFF64F-43C8-43FF-9950-A5D65B6ECC9C}.Release|Mixed Platforms.Build.0 = Release|Any CPU
		{BFCFF64F-43C8-43FF-9950-A5D65B6ECC9C}.Release|x86.ActiveCfg = Release|Any CPU
	EndGlobalSection
	GlobalSection(SolutionProperties) = preSolution
		HideSolutionNode = FALSE
	EndGlobalSection
EndGlobal
