{
    "name": "@taskbuilder/console",
    "version": "0.1.0",
    "lockfileVersion": 1,
    "dependencies": {
        "@angular/animations": {
            "version": "4.4.3",
            "resolved": "https://registry.npmjs.org/@angular/animations/-/animations-4.4.3.tgz",
            "integrity": "sha1-OWxKW/sihH+eRYJFuplfnBMMDPM="
        },
        "@angular/material": {
            "version": "2.0.0-beta.11",
            "resolved": "https://registry.npmjs.org/@angular/material/-/material-2.0.0-beta.11.tgz",
            "integrity": "sha512-k4eyil3n8aHqqS3Fq4N77XvF3bcXA2Ttgf9ujDZwXmMd2NlR4XL+LJrguPLwNSQ6i3EYT+ovE2p4XUu2nkHVeQ=="
        },
        "@progress/kendo-angular-buttons": {
            "version": "1.1.0",
            "resolved": "https://registry.npmjs.org/@progress/kendo-angular-buttons/-/kendo-angular-buttons-1.1.0.tgz",
            "integrity": "sha1-S1lx4WlftD3rfoLh8rMZIL2wXzY="
        },
        "@progress/kendo-angular-l10n": {
            "version": "1.0.3",
            "resolved": "https://registry.npmjs.org/@progress/kendo-angular-l10n/-/kendo-angular-l10n-1.0.3.tgz",
            "integrity": "sha1-AXWdkA4vr5p3kOzWjOK5cmceog4="
        },
        "@progress/kendo-angular-popup": {
            "version": "1.2.1",
            "resolved": "https://registry.npmjs.org/@progress/kendo-angular-popup/-/kendo-angular-popup-1.2.1.tgz",
            "integrity": "sha1-V1HhHtgSmlEBy8nEhFyMhHrkR4g="
        },
        "@progress/kendo-popup-common": {
            "version": "1.2.0",
            "resolved": "https://registry.npmjs.org/@progress/kendo-popup-common/-/kendo-popup-common-1.2.0.tgz",
            "integrity": "sha1-um2dz4XnwUPc5IgRVAyu1n5YgkA="
        },
        "ts-md5": {
            "version": "1.2.2",
            "resolved": "https://registry.npmjs.org/ts-md5/-/ts-md5-1.2.2.tgz",
            "integrity": "sha512-rTjX9/xTOvAcKC7TIsahiSdeyXgMtKa4wd6iClduCWeVoj41Q/HX5oYLkJzHQktW/DHbBjUatoFj0Q481N/Idw=="
        },
        "tslib": {
            "version": "1.7.1",
            "resolved": "https://registry.npmjs.org/tslib/-/tslib-1.7.1.tgz",
            "integrity": "sha1-vIAEFkaRkjp5/oN4u+s9ogF1OOw="
        }
    }
}
