<?xml version="1.0" encoding="utf-8"?>
<Project ToolsVersion="4.0" xmlns="http://schemas.microsoft.com/developer/msbuild/2003">
  <ItemGroup>
    <Filter Include="Source Files">
      <UniqueIdentifier>{4FC737F1-C7A5-4376-A066-2A32D752A2FF}</UniqueIdentifier>
      <Extensions>cpp;c;cc;cxx;def;odl;idl;hpj;bat;asm;asmx</Extensions>
    </Filter>
    <Filter Include="Header Files">
      <UniqueIdentifier>{93995380-89BD-4b04-88EB-625FBE52EBFB}</UniqueIdentifier>
      <Extensions>h;hpp;hxx;hm;inl;inc;xsd</Extensions>
    </Filter>
    <Filter Include="Resource Files">
      <UniqueIdentifier>{3e6fc860-0c5d-4d05-8393-5d61033a80d6}</UniqueIdentifier>
    </Filter>
    <Filter Include="ModuleObjects">
      <UniqueIdentifier>{33203024-f6d3-4824-a3b1-6ea03d60bdd6}</UniqueIdentifier>
    </Filter>
  </ItemGroup>
  <ItemGroup>
    <ClCompile Include="EmfToPdf.cpp">
      <Filter>Source Files</Filter>
    </ClCompile>
    <ClCompile Include="EnumsViewerWrapper.cpp">
      <Filter>Source Files</Filter>
    </ClCompile>
    <ClCompile Include="GanttWrapper.cpp">
      <Filter>Source Files</Filter>
    </ClCompile>
    <ClCompile Include="GlobalFunctions.cpp">
      <Filter>Source Files</Filter>
    </ClCompile>
    <ClCompile Include="HelpManager.cpp">
      <Filter>Source Files</Filter>
    </ClCompile>
    <ClCompile Include="Main.cpp">
      <Filter>Source Files</Filter>
    </ClCompile>
    <ClCompile Include="stdafx.cpp">
      <Filter>Source Files</Filter>
    </ClCompile>
    <ClCompile Include="TreeViewAdvWrapper.cpp">
      <Filter>Source Files</Filter>
    </ClCompile>
    <ClCompile Include="UserControlHandlers.cpp">
      <Filter>Source Files</Filter>
    </ClCompile>
    <ClCompile Include="UserControlWrappers.cpp">
      <Filter>Source Files</Filter>
    </ClCompile>
    <ClCompile Include="WCFHelper.cpp">
      <Filter>Source Files</Filter>
    </ClCompile>
    <ClCompile Include="WCFServiceGenerator.cpp">
      <Filter>Source Files</Filter>
    </ClCompile>
    <ClCompile Include="ZCompress.cpp">
      <Filter>Source Files</Filter>
    </ClCompile>
    <ClCompile Include="ManagedWindowWrapper.cpp">
      <Filter>Source Files</Filter>
    </ClCompile>
    <ClCompile Include="ParsedUserControl.cpp">
      <Filter>Source Files</Filter>
    </ClCompile>
    <ClCompile Include="ManagedEventsHandler.cpp">
      <Filter>Source Files</Filter>
    </ClCompile>
    <ClCompile Include="PostaliteNet.cpp">
      <Filter>Source Files</Filter>
    </ClCompile>
    <ClCompile Include="SmtpNet.cpp">
      <Filter>Source Files</Filter>
    </ClCompile>
    <ClCompile Include="StaticFunctions.cpp">
      <Filter>Source Files</Filter>
    </ClCompile>
    <ClCompile Include="ExpandTemplateMng.cpp">
      <Filter>Source Files</Filter>
    </ClCompile>
    <ClCompile Include="PdfSharpFiller.cpp">
      <Filter>Source Files</Filter>
    </ClCompile>
    <ClCompile Include="MExport.cpp">
      <Filter>Source Files</Filter>
    </ClCompile>
    <ClCompile Include="MenuFunctions.cpp">
      <Filter>Source Files</Filter>
    </ClCompile>
    <ClCompile Include="TBPicViewerAdvWrapper.cpp">
      <Filter>Source Files</Filter>
    </ClCompile>
    <ClCompile Include="MIMagoMailConnector.cpp">
      <Filter>Source Files</Filter>
    </ClCompile>
    <ClCompile Include="BarCodeCreator.cpp">
      <Filter>Source Files</Filter>
    </ClCompile>
    <ClCompile Include="CRabbitMQManager.cpp">
      <Filter>Source Files</Filter>
    </ClCompile>
  </ItemGroup>
  <ItemGroup>
    <None Include="BEGINH.DEX">
      <Filter>Header Files</Filter>
    </None>
    <None Include="ENDH.DEX">
      <Filter>Header Files</Filter>
    </None>
    <None Include="Module.config" />
  </ItemGroup>
  <ItemGroup>
    <ClInclude Include="EmfToPdf.h">
      <Filter>Header Files</Filter>
    </ClInclude>
    <ClInclude Include="EnumsViewerWrapper.h">
      <Filter>Header Files</Filter>
    </ClInclude>
    <ClInclude Include="GanttWrapper.h">
      <Filter>Header Files</Filter>
    </ClInclude>
    <ClInclude Include="GlobalFunctions.h">
      <Filter>Header Files</Filter>
    </ClInclude>
    <ClInclude Include="HelpManager.h">
      <Filter>Header Files</Filter>
    </ClInclude>
    <ClInclude Include="Main.h">
      <Filter>Header Files</Filter>
    </ClInclude>
    <ClInclude Include="stdafx.h">
      <Filter>Header Files</Filter>
    </ClInclude>
    <ClInclude Include="TreeViewAdvWrapper.h">
      <Filter>Header Files</Filter>
    </ClInclude>
    <ClInclude Include="UserControlHandlers.h">
      <Filter>Header Files</Filter>
    </ClInclude>
    <ClInclude Include="UserControlWrappers.h">
      <Filter>Header Files</Filter>
    </ClInclude>
    <ClInclude Include="WCFServiceGenerator.h">
      <Filter>Header Files</Filter>
    </ClInclude>
    <ClInclude Include="ZCompress.h">
      <Filter>Header Files</Filter>
    </ClInclude>
    <ClInclude Include="ManagedWindowWrapper.h">
      <Filter>Header Files</Filter>
    </ClInclude>
    <ClInclude Include="ParsedUserControl.h">
      <Filter>Header Files</Filter>
    </ClInclude>
    <ClInclude Include="ManagedEventsHandler.h">
      <Filter>Header Files</Filter>
    </ClInclude>
    <ClInclude Include="UserControlHandlersMixed.h">
      <Filter>Header Files</Filter>
    </ClInclude>
    <ClInclude Include="PostaliteNet.h">
      <Filter>Header Files</Filter>
    </ClInclude>
    <ClInclude Include="SmtpNet.h">
      <Filter>Header Files</Filter>
    </ClInclude>
    <ClInclude Include="StaticFunctions.h">
      <Filter>Header Files</Filter>
    </ClInclude>
    <ClInclude Include="ExpandTemplateMng.h">
      <Filter>Header Files</Filter>
    </ClInclude>
    <ClInclude Include="PdfSharpFiller.h">
      <Filter>Header Files</Filter>
    </ClInclude>
    <ClInclude Include="MExport.h">
      <Filter>Header Files</Filter>
    </ClInclude>
    <ClInclude Include="MenuFunctions.h">
      <Filter>Header Files</Filter>
    </ClInclude>
    <ClInclude Include="TBPicViewerAdvWrapper.h">
      <Filter>Source Files</Filter>
    </ClInclude>
    <ClInclude Include="MIMagoMailConnector.h">
      <Filter>Header Files</Filter>
    </ClInclude>
    <ClInclude Include="BarCodeCreator.h">
      <Filter>Header Files</Filter>
    </ClInclude>
    <ClInclude Include="CRabbitMQManager.h">
      <Filter>Header Files</Filter>
    </ClInclude>
  </ItemGroup>
  <ItemGroup>
    <ResourceCompile Include="TbGenLibManaged.rc">
      <Filter>Resource Files</Filter>
    </ResourceCompile>
  </ItemGroup>
  <ItemGroup>
    <CustomBuildStep Include="WCFHelper.h">
      <Filter>Header Files</Filter>
    </CustomBuildStep>
  </ItemGroup>
  <ItemGroup>
    <Xml Include="ModuleObjects\ClientDocumentObjects.xml">
      <Filter>ModuleObjects</Filter>
    </Xml>
  </ItemGroup>
</Project>