<?xml version="1.0" encoding="utf-8"?>
<Project ToolsVersion="4.0" xmlns="http://schemas.microsoft.com/developer/msbuild/2003">
  <ItemGroup>
    <Filter Include="Source Files">
      <UniqueIdentifier>{4f00dc33-ada3-4af4-922e-ae3e23e666c3}</UniqueIdentifier>
      <Extensions>cpp;c;cxx;def;odl;idl;hpj;bat;asm</Extensions>
    </Filter>
    <Filter Include="Header Files">
      <UniqueIdentifier>{d101fce4-6236-48a2-9312-cbb42eeb5125}</UniqueIdentifier>
      <Extensions>h;hpp;hxx;hm;inl;inc</Extensions>
    </Filter>
    <Filter Include="Resource Files">
      <UniqueIdentifier>{f565a8eb-d81b-48d2-9381-0b04edf6a6c8}</UniqueIdentifier>
      <Extensions>rc;ico;cur;bmp;dlg;rc2;rct;bin;rgs;gif;jpg;jpeg;jpe</Extensions>
    </Filter>
    <Filter Include="Settings">
      <UniqueIdentifier>{b178a29b-9418-4947-b97c-bb0d44039b66}</UniqueIdentifier>
    </Filter>
    <Filter Include="ModuleObjects">
      <UniqueIdentifier>{7ad58914-a82f-4470-969b-a793f6e404c5}</UniqueIdentifier>
    </Filter>
  </ItemGroup>
  <ItemGroup>
    <ClCompile Include="Array.cpp">
      <Filter>Source Files</Filter>
    </ClCompile>
    <ClCompile Include="BCMenu.cpp">
      <Filter>Source Files</Filter>
    </ClCompile>
    <ClCompile Include="BinaryFileReader.cpp">
      <Filter>Source Files</Filter>
    </ClCompile>
    <ClCompile Include="Bitset.cpp">
      <Filter>Source Files</Filter>
    </ClCompile>
    <ClCompile Include="CISBitmap.cpp">
      <Filter>Source Files</Filter>
    </ClCompile>
    <ClCompile Include="CMapi.cpp">
      <Filter>Source Files</Filter>
    </ClCompile>
    <ClCompile Include="CollateCultureFunctions.cpp">
      <Filter>Source Files</Filter>
    </ClCompile>
    <ClCompile Include="Crypt.cpp">
      <Filter>Source Files</Filter>
    </ClCompile>
    <ClCompile Include="DatabaseObjectsInfo.cpp">
      <Filter>Source Files</Filter>
    </ClCompile>
    <ClCompile Include="DataFileInfo.cpp">
      <Filter>Source Files</Filter>
    </ClCompile>
    <ClCompile Include="DataObj.cpp">
      <Filter>Source Files</Filter>
    </ClCompile>
    <ClCompile Include="DataObjDescription.cpp">
      <Filter>Source Files</Filter>
    </ClCompile>
    <ClCompile Include="DataTypesFormatters.cpp">
      <Filter>Source Files</Filter>
    </ClCompile>
    <ClCompile Include="DatesFunctions.cpp">
      <Filter>Source Files</Filter>
    </ClCompile>
    <ClCompile Include="DatesFunctionsExt.cpp">
      <Filter>Source Files</Filter>
    </ClCompile>
    <ClCompile Include="Dib.c">
      <Filter>Source Files</Filter>
    </ClCompile>
    <ClCompile Include="Dibitmap.cpp">
      <Filter>Source Files</Filter>
    </ClCompile>
    <ClCompile Include="DlgBars.cpp">
      <Filter>Source Files</Filter>
    </ClCompile>
    <ClCompile Include="DockableFrame.cpp">
      <Filter>Source Files</Filter>
    </ClCompile>
    <ClCompile Include="DocumentObjectsInfo.cpp">
      <Filter>Source Files</Filter>
    </ClCompile>
    <ClCompile Include="DropBitmaps.cpp">
      <Filter>Source Files</Filter>
    </ClCompile>
    <ClCompile Include="EnumsTable.cpp">
      <Filter>Source Files</Filter>
    </ClCompile>
    <ClCompile Include="FileSystemCacheFileLoader.cpp">
      <Filter>Source Files</Filter>
    </ClCompile>
    <ClCompile Include="FontsTable.cpp">
      <Filter>Source Files</Filter>
    </ClCompile>
    <ClCompile Include="FormatsHelpers.cpp">
      <Filter>Source Files</Filter>
    </ClCompile>
    <ClCompile Include="FormatsTable.cpp">
      <Filter>Source Files</Filter>
    </ClCompile>
    <ClCompile Include="FormNSChanges.cpp">
      <Filter>Source Files</Filter>
    </ClCompile>
    <ClCompile Include="FunctionCall.cpp">
      <Filter>Source Files</Filter>
    </ClCompile>
    <ClCompile Include="FunctionObjectsInfo.cpp">
      <Filter>Source Files</Filter>
    </ClCompile>
    <ClCompile Include="GeneralFunctions.cpp">
      <Filter>Source Files</Filter>
    </ClCompile>
    <ClCompile Include="GeneralObjects.cpp">
      <Filter>Source Files</Filter>
    </ClCompile>
    <ClCompile Include="Linefile.cpp">
      <Filter>Source Files</Filter>
    </ClCompile>
    <ClCompile Include="LocalizableObjs.cpp">
      <Filter>Source Files</Filter>
    </ClCompile>
    <ClCompile Include="Mlistbox.cpp">
      <Filter>Source Files</Filter>
    </ClCompile>
    <ClCompile Include="NotifyIcon.cpp">
      <Filter>Source Files</Filter>
    </ClCompile>
    <ClCompile Include="NumberToLiteral.cpp">
      <Filter>Source Files</Filter>
    </ClCompile>
    <ClCompile Include="OutdateObjectsInfo.cpp">
      <Filter>Source Files</Filter>
    </ClCompile>
    <ClCompile Include="PALETTE.CPP">
      <Filter>Source Files</Filter>
    </ClCompile>
    <ClCompile Include="ParametersSections.cpp">
      <Filter>Source Files</Filter>
    </ClCompile>
    <ClCompile Include="Pictures.cpp">
      <Filter>Source Files</Filter>
    </ClCompile>
    <ClCompile Include="ProcessWrapper.cpp">
      <Filter>Source Files</Filter>
    </ClCompile>
    <ClCompile Include="ReferenceObjectsInfo.cpp">
      <Filter>Source Files</Filter>
    </ClCompile>
    <ClCompile Include="ReportObjectsInfo.cpp">
      <Filter>Source Files</Filter>
    </ClCompile>
    <ClCompile Include="Schedule.cpp">
      <Filter>Source Files</Filter>
    </ClCompile>
    <ClCompile Include="SettingsTable.cpp">
      <Filter>Source Files</Filter>
    </ClCompile>
    <ClCompile Include="Spin.cpp">
      <Filter>Source Files</Filter>
    </ClCompile>
    <ClCompile Include="Stack.cpp">
      <Filter>Source Files</Filter>
    </ClCompile>
    <ClCompile Include="StatusBarMessages.cpp">
      <Filter>Source Files</Filter>
    </ClCompile>
    <ClCompile Include="stdafx.cpp">
      <Filter>Source Files</Filter>
    </ClCompile>
    <ClCompile Include="TBCmdUI.cpp">
      <Filter>Source Files</Filter>
    </ClCompile>
    <ClCompile Include="TBFileDialog.cpp">
      <Filter>Source Files</Filter>
    </ClCompile>
    <ClCompile Include="TBGeneric.cpp">
      <Filter>Source Files</Filter>
    </ClCompile>
    <ClCompile Include="TBStrings.cpp">
      <Filter>Source Files</Filter>
    </ClCompile>
    <ClCompile Include="Tools.cpp">
      <Filter>Source Files</Filter>
    </ClCompile>
    <ClCompile Include="VERCHECK.CPP">
      <Filter>Source Files</Filter>
    </ClCompile>
    <ClCompile Include="VisualStylesXP.cpp">
      <Filter>Source Files</Filter>
    </ClCompile>
    <ClCompile Include="WebServiceStateObjects.cpp">
      <Filter>Source Files</Filter>
    </ClCompile>
    <ClCompile Include="WndObjDescription.cpp">
      <Filter>Source Files</Filter>
    </ClCompile>
    <ClCompile Include="ContextFunctions.cpp">
      <Filter>Source Files</Filter>
    </ClCompile>
    <ClCompile Include="TBThemeManager.cpp">
      <Filter>Source Files</Filter>
    </ClCompile>
    <ClCompile Include="TBWebFriendlyMenu.cpp">
      <Filter>Source Files</Filter>
    </ClCompile>
    <ClCompile Include="JsonFormEngine.cpp">
      <Filter>Source Files</Filter>
    </ClCompile>
    <ClCompile Include="CheckRecursion.cpp">
      <Filter>Source Files</Filter>
    </ClCompile>
    <ClCompile Include="TBScrollBar.cpp">
      <Filter>Source Files</Filter>
    </ClCompile>
    <ClCompile Include="TileStyle.cpp">
      <Filter>Source Files</Filter>
    </ClCompile>
  </ItemGroup>
  <ItemGroup>
    <None Include="TbGeneric.def">
      <Filter>Source Files</Filter>
    </None>
    <None Include="BEGINCPP.DEX">
      <Filter>Header Files</Filter>
    </None>
    <None Include="BEGINH.DEX">
      <Filter>Header Files</Filter>
    </None>
    <None Include="ENDH.DEX">
      <Filter>Header Files</Filter>
    </None>
    <None Include="Module.config" />
    <None Include="ModuleObjects\Enums.xml">
      <Filter>ModuleObjects</Filter>
    </None>
  </ItemGroup>
  <ItemGroup>
    <ClInclude Include="ARRAY.H">
      <Filter>Header Files</Filter>
    </ClInclude>
    <ClInclude Include="BCMenu.h">
      <Filter>Header Files</Filter>
    </ClInclude>
    <ClInclude Include="BinaryFileReader.h">
      <Filter>Header Files</Filter>
    </ClInclude>
    <ClInclude Include="bitset.h">
      <Filter>Header Files</Filter>
    </ClInclude>
    <ClInclude Include="CISBitmap.h">
      <Filter>Header Files</Filter>
    </ClInclude>
    <ClInclude Include="CMapi.h">
      <Filter>Header Files</Filter>
    </ClInclude>
    <ClInclude Include="CollateCultureFunctions.h">
      <Filter>Header Files</Filter>
    </ClInclude>
    <ClInclude Include="CRITICAL.H">
      <Filter>Header Files</Filter>
    </ClInclude>
    <ClInclude Include="crypt.h">
      <Filter>Header Files</Filter>
    </ClInclude>
    <ClInclude Include="DatabaseObjectsInfo.h">
      <Filter>Header Files</Filter>
    </ClInclude>
    <ClInclude Include="DataFileInfo.h">
      <Filter>Header Files</Filter>
    </ClInclude>
    <ClInclude Include="DataObj.h">
      <Filter>Header Files</Filter>
    </ClInclude>
    <ClInclude Include="DataObjDescription.h">
      <Filter>Header Files</Filter>
    </ClInclude>
    <ClInclude Include="DataTypesFormatters.h">
      <Filter>Header Files</Filter>
    </ClInclude>
    <ClInclude Include="DatesFunctions.h">
      <Filter>Header Files</Filter>
    </ClInclude>
    <ClInclude Include="DIB.H">
      <Filter>Header Files</Filter>
    </ClInclude>
    <ClInclude Include="DIBITMAP.H">
      <Filter>Header Files</Filter>
    </ClInclude>
    <ClInclude Include="DlgBars.h">
      <Filter>Header Files</Filter>
    </ClInclude>
    <ClInclude Include="DLLMod.h">
      <Filter>Header Files</Filter>
    </ClInclude>
    <ClInclude Include="DockableFrame.h">
      <Filter>Header Files</Filter>
    </ClInclude>
    <ClInclude Include="DocumentObjectsInfo.h">
      <Filter>Header Files</Filter>
    </ClInclude>
    <ClInclude Include="DropBitmaps.h">
      <Filter>Header Files</Filter>
    </ClInclude>
    <ClInclude Include="EnumsTable.h">
      <Filter>Header Files</Filter>
    </ClInclude>
    <ClInclude Include="FileSystemCacheFileLoader.h">
      <Filter>Header Files</Filter>
    </ClInclude>
    <ClInclude Include="FontsTable.h">
      <Filter>Header Files</Filter>
    </ClInclude>
    <ClInclude Include="FormatsHelpers.h">
      <Filter>Header Files</Filter>
    </ClInclude>
    <ClInclude Include="FormatsTable.h">
      <Filter>Header Files</Filter>
    </ClInclude>
    <ClInclude Include="FormNSChanges.h">
      <Filter>Header Files</Filter>
    </ClInclude>
    <ClInclude Include="FunctionCall.h">
      <Filter>Header Files</Filter>
    </ClInclude>
    <ClInclude Include="FunctionObjectsInfo.h">
      <Filter>Header Files</Filter>
    </ClInclude>
    <ClInclude Include="GeneralFunctions.h">
      <Filter>Header Files</Filter>
    </ClInclude>
    <ClInclude Include="GeneralObjects.h">
      <Filter>Header Files</Filter>
    </ClInclude>
    <ClInclude Include="GLOBALS.H">
      <Filter>Header Files</Filter>
    </ClInclude>
    <ClInclude Include="Linefile.h">
      <Filter>Header Files</Filter>
    </ClInclude>
    <ClInclude Include="LocalizableObjs.h">
      <Filter>Header Files</Filter>
    </ClInclude>
    <ClInclude Include="MINMAX.H">
      <Filter>Header Files</Filter>
    </ClInclude>
    <ClInclude Include="MLISTBOX.H">
      <Filter>Header Files</Filter>
    </ClInclude>
    <ClInclude Include="NotifyIcon.h">
      <Filter>Header Files</Filter>
    </ClInclude>
    <ClInclude Include="NumberToLiteral.h">
      <Filter>Header Files</Filter>
    </ClInclude>
    <ClInclude Include="OutdateObjectsInfo.h">
      <Filter>Header Files</Filter>
    </ClInclude>
    <ClInclude Include="palette.h">
      <Filter>Header Files</Filter>
    </ClInclude>
    <ClInclude Include="ParametersSections.h">
      <Filter>Header Files</Filter>
    </ClInclude>
    <ClInclude Include="Pictures.h">
      <Filter>Header Files</Filter>
    </ClInclude>
    <ClInclude Include="ProcessWrapper.h">
      <Filter>Header Files</Filter>
    </ClInclude>
    <ClInclude Include="RdeProtocol.h">
      <Filter>Header Files</Filter>
    </ClInclude>
    <ClInclude Include="ReferenceObjectsInfo.h">
      <Filter>Header Files</Filter>
    </ClInclude>
    <ClInclude Include="ReportObjectsInfo.h">
      <Filter>Header Files</Filter>
    </ClInclude>
    <ClInclude Include="SCHEDULE.H">
      <Filter>Header Files</Filter>
    </ClInclude>
    <ClInclude Include="SettingsTable.h">
      <Filter>Header Files</Filter>
    </ClInclude>
    <ClInclude Include="SPIN.H">
      <Filter>Header Files</Filter>
    </ClInclude>
    <ClInclude Include="STACK.H">
      <Filter>Header Files</Filter>
    </ClInclude>
    <ClInclude Include="StatusBarMessages.h">
      <Filter>Header Files</Filter>
    </ClInclude>
    <ClInclude Include="stdafx.h">
      <Filter>Header Files</Filter>
    </ClInclude>
    <ClInclude Include="TBCmdUI.h">
      <Filter>Header Files</Filter>
    </ClInclude>
    <ClInclude Include="TBFileDialog.h">
      <Filter>Header Files</Filter>
    </ClInclude>
    <ClInclude Include="TBStrings.h">
      <Filter>Header Files</Filter>
    </ClInclude>
    <ClInclude Include="Tools.h">
      <Filter>Header Files</Filter>
    </ClInclude>
    <ClInclude Include="VERCHECK.H">
      <Filter>Header Files</Filter>
    </ClInclude>
    <ClInclude Include="VisualStylesXP.h">
      <Filter>Header Files</Filter>
    </ClInclude>
    <ClInclude Include="WebServiceStateObjects.h">
      <Filter>Header Files</Filter>
    </ClInclude>
    <ClInclude Include="WndObjDescription.h">
      <Filter>Header Files</Filter>
    </ClInclude>
    <ClInclude Include="EnumsConst.h">
      <Filter>Header Files</Filter>
    </ClInclude>
    <ClInclude Include="ContextFunctions.h">
      <Filter>Header Files</Filter>
    </ClInclude>
    <ClInclude Include="TBThemeManager.h">
      <Filter>Header Files</Filter>
    </ClInclude>
    <ClInclude Include="ISqlRecord.h">
      <Filter>Header Files</Filter>
    </ClInclude>
    <ClInclude Include="TBWebFriendlyMenu.h">
      <Filter>Header Files</Filter>
    </ClInclude>
    <ClInclude Include="JsonFormEngine.h">
      <Filter>Header Files</Filter>
    </ClInclude>
    <ClInclude Include="CheckRecursion.h">
      <Filter>Header Files</Filter>
    </ClInclude>
    <ClInclude Include="TBScrollBar.h">
      <Filter>Header Files</Filter>
    </ClInclude>
    <ClInclude Include="JsonTags.h">
      <Filter>Header Files</Filter>
    </ClInclude>
    <ClInclude Include="TileStyle.h">
      <Filter>Header Files</Filter>
    </ClInclude>
  </ItemGroup>
  <ItemGroup>
    <ResourceCompile Include="TbGeneric.rc">
      <Filter>Resource Files</Filter>
    </ResourceCompile>
  </ItemGroup>
</Project>