
Microsoft Visual Studio Solution File, Format Version 12.00
# Visual Studio 14
VisualStudioVersion = 14.0.25420.1
MinimumVisualStudioVersion = 10.0.40219.1
Project("{2150E333-8FDC-42A3-9474-1A3956D46DE8}") = "Solution Items", "Solution Items", "{E608C668-B4A9-422E-B0FD-3DACC3065317}"
	ProjectSection(SolutionItems) = preProject
		global.json = global.json
	EndProjectSection
EndProject
Project("{8BB2217D-0F2D-49D1-97BC-3654ED321F3B}") = "rs-web", "rs-web\rs-web.xproj", "{CCF7286F-D4B2-4BE4-9499-C0DD06B79961}"
EndProject
Project("{8BB2217D-0F2D-49D1-97BC-3654ED321F3B}") = "tbloader-gate", "tbloader-gate\tbloader-gate.xproj", "{B2373B0A-B692-494A-B291-521C9B0DF4F3}"
EndProject
Project("{8BB2217D-0F2D-49D1-97BC-3654ED321F3B}") = "web-server", "web-server\web-server.xproj", "{2158CD02-0A4C-4806-98FF-AA079FE998ED}"
	ProjectSection(ProjectDependencies) = postProject
		{B2373B0A-B692-494A-B291-521C9B0DF4F3} = {B2373B0A-B692-494A-B291-521C9B0DF4F3}
		{CCF7286F-D4B2-4BE4-9499-C0DD06B79961} = {CCF7286F-D4B2-4BE4-9499-C0DD06B79961}
	EndProjectSection
EndProject
Project("{8BB2217D-0F2D-49D1-97BC-3654ED321F3B}") = "PDFSharpCore", "library\PDFSharpCore\PDFSharpCore.xproj", "{D000BE77-6AFC-41F5-AAAE-144AF66AD63B}"
EndProject
Project("{8BB2217D-0F2D-49D1-97BC-3654ED321F3B}") = "menu-gate", "menu-gate\menu-gate.xproj", "{E33B70BB-1E54-4B58-A76F-D0288C52A329}"
EndProject
Project("{8BB2217D-0F2D-49D1-97BC-3654ED321F3B}") = "taskbuilder-netcore-common", "library\taskbuilder-netcore-common\taskbuilder-netcore-common.xproj", "{97589AEC-B103-4568-A0DA-4847FF657DB9}"
EndProject
Project("{8BB2217D-0F2D-49D1-97BC-3654ED321F3B}") = "taskbuilder-netcore-data", "library\taskbuilder-netcore-data\taskbuilder-netcore-data.xproj", "{61E4E7CF-AB43-4470-A5B1-60AE75D5F107}"
EndProject
Project("{8BB2217D-0F2D-49D1-97BC-3654ED321F3B}") = "taskbuilder-netcore-interfaces", "library\taskbuilder-netcore-interfaces\taskbuilder-netcore-interfaces.xproj", "{5177ACB0-0398-4A58-9E0F-69A218296860}"
EndProject
Project("{8BB2217D-0F2D-49D1-97BC-3654ED321F3B}") = "database-service", "database-service\database-service.xproj", "{9699E3FB-025A-4BA5-B345-9A25AF7B9CB1}"
EndProject
Project("{8BB2217D-0F2D-49D1-97BC-3654ED321F3B}") = "data-service", "data-service\data-service.xproj", "{9424BAC1-A48D-40B5-8889-6E1B89616F91}"
EndProject
Project("{8BB2217D-0F2D-49D1-97BC-3654ED321F3B}") = "account-manager", "account-manager\account-manager.xproj", "{FB250C8B-DF77-4D54-9548-328D24193388}"
EndProject
Project("{8BB2217D-0F2D-49D1-97BC-3654ED321F3B}") = "provisioning-server", "provisioning-server\provisioning-server.xproj", "{780F22E8-D071-4859-A6D6-40A7DCEE5382}"
EndProject
Project("{8BB2217D-0F2D-49D1-97BC-3654ED321F3B}") = "unit-test", "unit-test\unit-test.xproj", "{C92058FC-08EC-426B-95CB-FCA842D60C20}"
EndProject
Project("{8BB2217D-0F2D-49D1-97BC-3654ED321F3B}") = "taskbuilder-netcore-data-functionality", "library\taskbuilder-netcore-data-functionality\taskbuilder-netcore-data-functionality.xproj", "{42F36E5C-47D5-4E81-85C6-E13D66269E17}"
EndProject
Project("{8BB2217D-0F2D-49D1-97BC-3654ED321F3B}") = "manufacturing-service", "manufacturing-service\manufacturing-service.xproj", "{43046F64-A440-42A0-997F-AFA333479876}"
EndProject
Project("{8BB2217D-0F2D-49D1-97BC-3654ED321F3B}") = "widgets-service", "widgets-service\widgets-service.xproj", "{DFDD5201-63AC-4EFF-84A1-4EF596023EA7}"
EndProject
Global
	GlobalSection(SolutionConfigurationPlatforms) = preSolution
		Debug|Any CPU = Debug|Any CPU
		Release|Any CPU = Release|Any CPU
	EndGlobalSection
	GlobalSection(ProjectConfigurationPlatforms) = postSolution
		{CCF7286F-D4B2-4BE4-9499-C0DD06B79961}.Debug|Any CPU.ActiveCfg = Debug|Any CPU
		{CCF7286F-D4B2-4BE4-9499-C0DD06B79961}.Debug|Any CPU.Build.0 = Debug|Any CPU
		{CCF7286F-D4B2-4BE4-9499-C0DD06B79961}.Release|Any CPU.ActiveCfg = Release|Any CPU
		{CCF7286F-D4B2-4BE4-9499-C0DD06B79961}.Release|Any CPU.Build.0 = Release|Any CPU
		{B2373B0A-B692-494A-B291-521C9B0DF4F3}.Debug|Any CPU.ActiveCfg = Debug|Any CPU
		{B2373B0A-B692-494A-B291-521C9B0DF4F3}.Debug|Any CPU.Build.0 = Debug|Any CPU
		{B2373B0A-B692-494A-B291-521C9B0DF4F3}.Release|Any CPU.ActiveCfg = Release|Any CPU
		{B2373B0A-B692-494A-B291-521C9B0DF4F3}.Release|Any CPU.Build.0 = Release|Any CPU
		{2158CD02-0A4C-4806-98FF-AA079FE998ED}.Debug|Any CPU.ActiveCfg = Debug|Any CPU
		{2158CD02-0A4C-4806-98FF-AA079FE998ED}.Debug|Any CPU.Build.0 = Debug|Any CPU
		{2158CD02-0A4C-4806-98FF-AA079FE998ED}.Release|Any CPU.ActiveCfg = Release|Any CPU
		{2158CD02-0A4C-4806-98FF-AA079FE998ED}.Release|Any CPU.Build.0 = Release|Any CPU
		{D000BE77-6AFC-41F5-AAAE-144AF66AD63B}.Debug|Any CPU.ActiveCfg = Debug|Any CPU
		{D000BE77-6AFC-41F5-AAAE-144AF66AD63B}.Debug|Any CPU.Build.0 = Debug|Any CPU
		{D000BE77-6AFC-41F5-AAAE-144AF66AD63B}.Release|Any CPU.ActiveCfg = Release|Any CPU
		{D000BE77-6AFC-41F5-AAAE-144AF66AD63B}.Release|Any CPU.Build.0 = Release|Any CPU
		{E33B70BB-1E54-4B58-A76F-D0288C52A329}.Debug|Any CPU.ActiveCfg = Debug|Any CPU
		{E33B70BB-1E54-4B58-A76F-D0288C52A329}.Debug|Any CPU.Build.0 = Debug|Any CPU
		{E33B70BB-1E54-4B58-A76F-D0288C52A329}.Release|Any CPU.ActiveCfg = Release|Any CPU
		{E33B70BB-1E54-4B58-A76F-D0288C52A329}.Release|Any CPU.Build.0 = Release|Any CPU
		{97589AEC-B103-4568-A0DA-4847FF657DB9}.Debug|Any CPU.ActiveCfg = Debug|Any CPU
		{97589AEC-B103-4568-A0DA-4847FF657DB9}.Debug|Any CPU.Build.0 = Debug|Any CPU
		{97589AEC-B103-4568-A0DA-4847FF657DB9}.Release|Any CPU.ActiveCfg = Release|Any CPU
		{97589AEC-B103-4568-A0DA-4847FF657DB9}.Release|Any CPU.Build.0 = Release|Any CPU
		{61E4E7CF-AB43-4470-A5B1-60AE75D5F107}.Debug|Any CPU.ActiveCfg = Debug|Any CPU
		{61E4E7CF-AB43-4470-A5B1-60AE75D5F107}.Debug|Any CPU.Build.0 = Debug|Any CPU
		{61E4E7CF-AB43-4470-A5B1-60AE75D5F107}.Release|Any CPU.ActiveCfg = Release|Any CPU
		{61E4E7CF-AB43-4470-A5B1-60AE75D5F107}.Release|Any CPU.Build.0 = Release|Any CPU
		{5177ACB0-0398-4A58-9E0F-69A218296860}.Debug|Any CPU.ActiveCfg = Debug|Any CPU
		{5177ACB0-0398-4A58-9E0F-69A218296860}.Debug|Any CPU.Build.0 = Debug|Any CPU
		{5177ACB0-0398-4A58-9E0F-69A218296860}.Release|Any CPU.ActiveCfg = Release|Any CPU
		{5177ACB0-0398-4A58-9E0F-69A218296860}.Release|Any CPU.Build.0 = Release|Any CPU
		{9699E3FB-025A-4BA5-B345-9A25AF7B9CB1}.Debug|Any CPU.ActiveCfg = Debug|Any CPU
		{9699E3FB-025A-4BA5-B345-9A25AF7B9CB1}.Debug|Any CPU.Build.0 = Debug|Any CPU
		{9699E3FB-025A-4BA5-B345-9A25AF7B9CB1}.Release|Any CPU.ActiveCfg = Release|Any CPU
		{9699E3FB-025A-4BA5-B345-9A25AF7B9CB1}.Release|Any CPU.Build.0 = Release|Any CPU
		{9424BAC1-A48D-40B5-8889-6E1B89616F91}.Debug|Any CPU.ActiveCfg = Debug|Any CPU
		{9424BAC1-A48D-40B5-8889-6E1B89616F91}.Debug|Any CPU.Build.0 = Debug|Any CPU
		{9424BAC1-A48D-40B5-8889-6E1B89616F91}.Release|Any CPU.ActiveCfg = Release|Any CPU
		{9424BAC1-A48D-40B5-8889-6E1B89616F91}.Release|Any CPU.Build.0 = Release|Any CPU
		{FB250C8B-DF77-4D54-9548-328D24193388}.Debug|Any CPU.ActiveCfg = Debug|Any CPU
		{FB250C8B-DF77-4D54-9548-328D24193388}.Debug|Any CPU.Build.0 = Debug|Any CPU
		{FB250C8B-DF77-4D54-9548-328D24193388}.Release|Any CPU.ActiveCfg = Release|Any CPU
		{FB250C8B-DF77-4D54-9548-328D24193388}.Release|Any CPU.Build.0 = Release|Any CPU
		{780F22E8-D071-4859-A6D6-40A7DCEE5382}.Debug|Any CPU.ActiveCfg = Debug|Any CPU
		{780F22E8-D071-4859-A6D6-40A7DCEE5382}.Debug|Any CPU.Build.0 = Debug|Any CPU
		{780F22E8-D071-4859-A6D6-40A7DCEE5382}.Release|Any CPU.ActiveCfg = Release|Any CPU
		{780F22E8-D071-4859-A6D6-40A7DCEE5382}.Release|Any CPU.Build.0 = Release|Any CPU
		{C92058FC-08EC-426B-95CB-FCA842D60C20}.Debug|Any CPU.ActiveCfg = Debug|Any CPU
		{C92058FC-08EC-426B-95CB-FCA842D60C20}.Debug|Any CPU.Build.0 = Debug|Any CPU
		{C92058FC-08EC-426B-95CB-FCA842D60C20}.Release|Any CPU.ActiveCfg = Release|Any CPU
		{C92058FC-08EC-426B-95CB-FCA842D60C20}.Release|Any CPU.Build.0 = Release|Any CPU
		{42F36E5C-47D5-4E81-85C6-E13D66269E17}.Debug|Any CPU.ActiveCfg = Debug|Any CPU
		{42F36E5C-47D5-4E81-85C6-E13D66269E17}.Debug|Any CPU.Build.0 = Debug|Any CPU
		{42F36E5C-47D5-4E81-85C6-E13D66269E17}.Release|Any CPU.ActiveCfg = Release|Any CPU
		{42F36E5C-47D5-4E81-85C6-E13D66269E17}.Release|Any CPU.Build.0 = Release|Any CPU
		{43046F64-A440-42A0-997F-AFA333479876}.Debug|Any CPU.ActiveCfg = Debug|Any CPU
		{43046F64-A440-42A0-997F-AFA333479876}.Debug|Any CPU.Build.0 = Debug|Any CPU
		{43046F64-A440-42A0-997F-AFA333479876}.Release|Any CPU.ActiveCfg = Release|Any CPU
		{43046F64-A440-42A0-997F-AFA333479876}.Release|Any CPU.Build.0 = Release|Any CPU
		{DFDD5201-63AC-4EFF-84A1-4EF596023EA7}.Debug|Any CPU.ActiveCfg = Debug|Any CPU
		{DFDD5201-63AC-4EFF-84A1-4EF596023EA7}.Debug|Any CPU.Build.0 = Debug|Any CPU
		{DFDD5201-63AC-4EFF-84A1-4EF596023EA7}.Release|Any CPU.ActiveCfg = Release|Any CPU
		{DFDD5201-63AC-4EFF-84A1-4EF596023EA7}.Release|Any CPU.Build.0 = Release|Any CPU
	EndGlobalSection
	GlobalSection(SolutionProperties) = preSolution
		HideSolutionNode = FALSE
	EndGlobalSection
EndGlobal
