
Microsoft Visual Studio Solution File, Format Version 12.00
# Visual Studio 14
VisualStudioVersion = 14.0.25420.1
MinimumVisualStudioVersion = 10.0.40219.1
Project("{2150E333-8FDC-42A3-9474-1A3956D46DE8}") = "Solution Items", "Solution Items", "{E608C668-B4A9-422E-B0FD-3DACC3065317}"
	ProjectSection(SolutionItems) = preProject
		global.json = global.json
	EndProjectSection
EndProject
Project("{8BB2217D-0F2D-49D1-97BC-3654ED321F3B}") = "rs-web", "rs-web\rs-web.xproj", "{CCF7286F-D4B2-4BE4-9499-C0DD06B79961}"
EndProject
Project("{8BB2217D-0F2D-49D1-97BC-3654ED321F3B}") = "tbloader-gate", "tbloader-gate\tbloader-gate.xproj", "{B2373B0A-B692-494A-B291-521C9B0DF4F3}"
EndProject
Project("{8BB2217D-0F2D-49D1-97BC-3654ED321F3B}") = "web-server", "web-server\web-server.xproj", "{2158CD02-0A4C-4806-98FF-AA079FE998ED}"
	ProjectSection(ProjectDependencies) = postProject
		{B2373B0A-B692-494A-B291-521C9B0DF4F3} = {B2373B0A-B692-494A-B291-521C9B0DF4F3}
		{CCF7286F-D4B2-4BE4-9499-C0DD06B79961} = {CCF7286F-D4B2-4BE4-9499-C0DD06B79961}
	EndProjectSection
EndProject
Project("{8BB2217D-0F2D-49D1-97BC-3654ED321F3B}") = "login-manager", "login-manager\login-manager.xproj", "{FB250C8B-DF77-4D54-9548-328D24193388}"
EndProject
Project("{8BB2217D-0F2D-49D1-97BC-3654ED321F3B}") = "TaskBuilderNetCore.Interfaces", "library\task-builder-net-core-interfaces\src\TaskBuilderNetCore.Interfaces\TaskBuilderNetCore.Interfaces.xproj", "{B30DB4C6-4A8C-4005-A93E-05093DBB7EB4}"
EndProject
Project("{8BB2217D-0F2D-49D1-97BC-3654ED321F3B}") = "TaskBuilderNetCore.Data", "library\task-builder-net-core-data\src\TaskBuilderNetCore.Data\TaskBuilderNetCore.Data.xproj", "{CFD4EADA-3D3D-439A-8B68-147804BF9D0A}"
EndProject
Project("{8BB2217D-0F2D-49D1-97BC-3654ED321F3B}") = "PDFSharpCore", "library\PDFSharpCore\PDFSharpCore.xproj", "{D000BE77-6AFC-41F5-AAAE-144AF66AD63B}"
EndProject
Project("{8BB2217D-0F2D-49D1-97BC-3654ED321F3B}") = "menu-gate", "menu-gate\menu-gate.xproj", "{E33B70BB-1E54-4B58-A76F-D0288C52A329}"
EndProject
Project("{8BB2217D-0F2D-49D1-97BC-3654ED321F3B}") = "TaskBuilderNet.Common", "library\TaskBuilderNet.Common\TaskBuilderNet.Common.xproj", "{FA2DC93E-EDCF-40E4-AD84-A36CCAA2ED3E}"
EndProject
Global
	GlobalSection(SolutionConfigurationPlatforms) = preSolution
		Debug|Any CPU = Debug|Any CPU
		Release|Any CPU = Release|Any CPU
	EndGlobalSection
	GlobalSection(ProjectConfigurationPlatforms) = postSolution
		{CCF7286F-D4B2-4BE4-9499-C0DD06B79961}.Debug|Any CPU.ActiveCfg = Debug|Any CPU
		{CCF7286F-D4B2-4BE4-9499-C0DD06B79961}.Debug|Any CPU.Build.0 = Debug|Any CPU
		{CCF7286F-D4B2-4BE4-9499-C0DD06B79961}.Release|Any CPU.ActiveCfg = Release|Any CPU
		{CCF7286F-D4B2-4BE4-9499-C0DD06B79961}.Release|Any CPU.Build.0 = Release|Any CPU
		{B2373B0A-B692-494A-B291-521C9B0DF4F3}.Debug|Any CPU.ActiveCfg = Debug|Any CPU
		{B2373B0A-B692-494A-B291-521C9B0DF4F3}.Debug|Any CPU.Build.0 = Debug|Any CPU
		{B2373B0A-B692-494A-B291-521C9B0DF4F3}.Release|Any CPU.ActiveCfg = Release|Any CPU
		{B2373B0A-B692-494A-B291-521C9B0DF4F3}.Release|Any CPU.Build.0 = Release|Any CPU
		{2158CD02-0A4C-4806-98FF-AA079FE998ED}.Debug|Any CPU.ActiveCfg = Debug|Any CPU
		{2158CD02-0A4C-4806-98FF-AA079FE998ED}.Debug|Any CPU.Build.0 = Debug|Any CPU
		{2158CD02-0A4C-4806-98FF-AA079FE998ED}.Release|Any CPU.ActiveCfg = Release|Any CPU
		{2158CD02-0A4C-4806-98FF-AA079FE998ED}.Release|Any CPU.Build.0 = Release|Any CPU
		{FB250C8B-DF77-4D54-9548-328D24193388}.Debug|Any CPU.ActiveCfg = Debug|Any CPU
		{FB250C8B-DF77-4D54-9548-328D24193388}.Debug|Any CPU.Build.0 = Debug|Any CPU
		{FB250C8B-DF77-4D54-9548-328D24193388}.Release|Any CPU.ActiveCfg = Release|Any CPU
		{FB250C8B-DF77-4D54-9548-328D24193388}.Release|Any CPU.Build.0 = Release|Any CPU
		{B30DB4C6-4A8C-4005-A93E-05093DBB7EB4}.Debug|Any CPU.ActiveCfg = Debug|Any CPU
		{B30DB4C6-4A8C-4005-A93E-05093DBB7EB4}.Debug|Any CPU.Build.0 = Debug|Any CPU
		{B30DB4C6-4A8C-4005-A93E-05093DBB7EB4}.Release|Any CPU.ActiveCfg = Release|Any CPU
		{B30DB4C6-4A8C-4005-A93E-05093DBB7EB4}.Release|Any CPU.Build.0 = Release|Any CPU
		{CFD4EADA-3D3D-439A-8B68-147804BF9D0A}.Debug|Any CPU.ActiveCfg = Debug|Any CPU
		{CFD4EADA-3D3D-439A-8B68-147804BF9D0A}.Debug|Any CPU.Build.0 = Debug|Any CPU
		{CFD4EADA-3D3D-439A-8B68-147804BF9D0A}.Release|Any CPU.ActiveCfg = Release|Any CPU
		{CFD4EADA-3D3D-439A-8B68-147804BF9D0A}.Release|Any CPU.Build.0 = Release|Any CPU
		{D000BE77-6AFC-41F5-AAAE-144AF66AD63B}.Debug|Any CPU.ActiveCfg = Debug|Any CPU
		{D000BE77-6AFC-41F5-AAAE-144AF66AD63B}.Debug|Any CPU.Build.0 = Debug|Any CPU
		{D000BE77-6AFC-41F5-AAAE-144AF66AD63B}.Release|Any CPU.ActiveCfg = Release|Any CPU
		{D000BE77-6AFC-41F5-AAAE-144AF66AD63B}.Release|Any CPU.Build.0 = Release|Any CPU
		{E33B70BB-1E54-4B58-A76F-D0288C52A329}.Debug|Any CPU.ActiveCfg = Debug|Any CPU
		{E33B70BB-1E54-4B58-A76F-D0288C52A329}.Debug|Any CPU.Build.0 = Debug|Any CPU
		{E33B70BB-1E54-4B58-A76F-D0288C52A329}.Release|Any CPU.ActiveCfg = Release|Any CPU
		{E33B70BB-1E54-4B58-A76F-D0288C52A329}.Release|Any CPU.Build.0 = Release|Any CPU
		{FA2DC93E-EDCF-40E4-AD84-A36CCAA2ED3E}.Debug|Any CPU.ActiveCfg = Debug|Any CPU
		{FA2DC93E-EDCF-40E4-AD84-A36CCAA2ED3E}.Debug|Any CPU.Build.0 = Debug|Any CPU
		{FA2DC93E-EDCF-40E4-AD84-A36CCAA2ED3E}.Release|Any CPU.ActiveCfg = Release|Any CPU
		{FA2DC93E-EDCF-40E4-AD84-A36CCAA2ED3E}.Release|Any CPU.Build.0 = Release|Any CPU
	EndGlobalSection
	GlobalSection(SolutionProperties) = preSolution
		HideSolutionNode = FALSE
	EndGlobalSection
EndGlobal
