
Microsoft Visual Studio Solution File, Format Version 11.00
# Visual Studio 2010
Project("{FAE04EC0-301F-11D3-BF4B-00C04F79EFBC}") = "Aga.Controls", "Aga.Controls\Aga.Controls.csproj", "{E73BB233-D88B-44A7-A98F-D71EE158381D}"
EndProject
Project("{FAE04EC0-301F-11D3-BF4B-00C04F79EFBC}") = "SampleApp", "SampleApp\SampleApp.csproj", "{C197EFF6-AD4E-4E44-8601-D101E0736144}"
EndProject
Project("{FAE04EC0-301F-11D3-BF4B-00C04F79EFBC}") = "UnitTests", "UnitTests\UnitTests.csproj", "{F74BBDC5-A90C-438B-A6C2-347B49398FDB}"
EndProject
Global
	GlobalSection(TeamFoundationVersionControl) = preSolution
		SccNumberOfProjects = 4
		SccEnterpriseProvider = {4CA58AB2-18FA-4F8D-95D4-32DDF27D184C}
		SccTeamFoundationServer = http://srv-tfs8:8080/
		SccLocalPath0 = .
		SccProjectUniqueName1 = UnitTests\\UnitTests.csproj
		SccProjectName1 = UnitTests
		SccLocalPath1 = UnitTests
		SccProjectUniqueName2 = Aga.Controls\\Aga.Controls.csproj
		SccProjectName2 = Aga.Controls
		SccLocalPath2 = Aga.Controls
		SccProjectUniqueName3 = SampleApp\\SampleApp.csproj
		SccProjectName3 = SampleApp
		SccLocalPath3 = SampleApp
	EndGlobalSection
	GlobalSection(SolutionConfigurationPlatforms) = preSolution
		Debug|Any CPU = Debug|Any CPU
		Release|Any CPU = Release|Any CPU
	EndGlobalSection
	GlobalSection(ProjectConfigurationPlatforms) = postSolution
		{E73BB233-D88B-44A7-A98F-D71EE158381D}.Debug|Any CPU.ActiveCfg = Debug|Any CPU
		{E73BB233-D88B-44A7-A98F-D71EE158381D}.Debug|Any CPU.Build.0 = Debug|Any CPU
		{E73BB233-D88B-44A7-A98F-D71EE158381D}.Release|Any CPU.ActiveCfg = Release|Any CPU
		{E73BB233-D88B-44A7-A98F-D71EE158381D}.Release|Any CPU.Build.0 = Release|Any CPU
		{C197EFF6-AD4E-4E44-8601-D101E0736144}.Debug|Any CPU.ActiveCfg = Debug|Any CPU
		{C197EFF6-AD4E-4E44-8601-D101E0736144}.Debug|Any CPU.Build.0 = Debug|Any CPU
		{C197EFF6-AD4E-4E44-8601-D101E0736144}.Release|Any CPU.ActiveCfg = Release|Any CPU
		{C197EFF6-AD4E-4E44-8601-D101E0736144}.Release|Any CPU.Build.0 = Release|Any CPU
		{F74BBDC5-A90C-438B-A6C2-347B49398FDB}.Debug|Any CPU.ActiveCfg = Debug|Any CPU
		{F74BBDC5-A90C-438B-A6C2-347B49398FDB}.Debug|Any CPU.Build.0 = Debug|Any CPU
		{F74BBDC5-A90C-438B-A6C2-347B49398FDB}.Release|Any CPU.ActiveCfg = Release|Any CPU
		{F74BBDC5-A90C-438B-A6C2-347B49398FDB}.Release|Any CPU.Build.0 = Release|Any CPU
	EndGlobalSection
	GlobalSection(SolutionProperties) = preSolution
		HideSolutionNode = FALSE
	EndGlobalSection
EndGlobal
