<?xml version="1.0" encoding="utf-8"?>
<Project ToolsVersion="4.0" xmlns="http://schemas.microsoft.com/developer/msbuild/2003">
  <ItemGroup>
    <Filter Include="Source Files">
      <UniqueIdentifier>{4FC737F1-C7A5-4376-A066-2A32D752A2FF}</UniqueIdentifier>
      <Extensions>cpp;c;cc;cxx;def;odl;idl;hpj;bat;asm;asmx</Extensions>
    </Filter>
    <Filter Include="Header Files">
      <UniqueIdentifier>{93995380-89BD-4b04-88EB-625FBE52EBFB}</UniqueIdentifier>
      <Extensions>h;hpp;hxx;hm;inl;inc;xsd</Extensions>
    </Filter>
    <Filter Include="Resource Files">
      <UniqueIdentifier>{67DA6AB6-F800-4c08-8B7A-83BB121AAD01}</UniqueIdentifier>
      <Extensions>rc;ico;cur;bmp;dlg;rc2;rct;bin;rgs;gif;jpg;jpeg;jpe;resx;tiff;tif;png;wav;mfcribbon-ms</Extensions>
    </Filter>
  </ItemGroup>
  <ItemGroup>
    <None Include="ReadMe.txt" />
    <None Include="TbAPIHooks.def">
      <Filter>Source Files</Filter>
    </None>
    <None Include="MemFile.inl">
      <Filter>Header Files</Filter>
    </None>
  </ItemGroup>
  <ItemGroup>
    <ClCompile Include="TbAPIHooks.cpp">
      <Filter>Source Files</Filter>
    </ClCompile>
    <ClCompile Include="dllmain.cpp">
      <Filter>Source Files</Filter>
    </ClCompile>
    <ClCompile Include="stdafx.cpp">
      <Filter>Source Files</Filter>
    </ClCompile>
    <ClCompile Include="COMCTL32.cpp">
      <Filter>Source Files</Filter>
    </ClCompile>
    <ClCompile Include="creatwth.cpp">
      <Filter>Source Files</Filter>
    </ClCompile>
    <ClCompile Include="detours.cpp">
      <Filter>Source Files</Filter>
    </ClCompile>
    <ClCompile Include="disasm.cpp">
      <Filter>Source Files</Filter>
    </ClCompile>
    <ClCompile Include="GDI32.cpp">
      <Filter>Source Files</Filter>
    </ClCompile>
    <ClCompile Include="HookedFunction.cpp">
      <Filter>Source Files</Filter>
    </ClCompile>
    <ClCompile Include="image.cpp">
      <Filter>Source Files</Filter>
    </ClCompile>
    <ClCompile Include="modules.cpp">
      <Filter>Source Files</Filter>
    </ClCompile>
    <ClCompile Include="TBComboBox.cpp">
      <Filter>Source Files</Filter>
    </ClCompile>
    <ClCompile Include="TBDC.cpp">
      <Filter>Source Files</Filter>
    </ClCompile>
    <ClCompile Include="TBImageList.cpp">
      <Filter>Source Files</Filter>
    </ClCompile>
    <ClCompile Include="TBListBox.cpp">
      <Filter>Source Files</Filter>
    </ClCompile>
    <ClCompile Include="TBMenu.cpp">
      <Filter>Source Files</Filter>
    </ClCompile>
    <ClCompile Include="TBMessageQueue.cpp">
      <Filter>Source Files</Filter>
    </ClCompile>
    <ClCompile Include="TBWnd.cpp">
      <Filter>Source Files</Filter>
    </ClCompile>
    <ClCompile Include="uimports.cpp">
      <Filter>Source Files</Filter>
    </ClCompile>
    <ClCompile Include="USER32.cpp">
      <Filter>Source Files</Filter>
    </ClCompile>
    <ClCompile Include="TBGlobals.cpp">
      <Filter>Source Files</Filter>
    </ClCompile>
    <ClCompile Include="TBDialog.cpp">
      <Filter>Source Files</Filter>
    </ClCompile>
    <ClCompile Include="TBTimer.cpp">
      <Filter>Source Files</Filter>
    </ClCompile>
    <ClCompile Include="TBEdit.cpp">
      <Filter>Source Files</Filter>
    </ClCompile>
    <ClCompile Include="StreamReaderWriter.cpp">
      <Filter>Source Files</Filter>
    </ClCompile>
    <ClCompile Include="TBStatusBar.cpp">
      <Filter>Source Files</Filter>
    </ClCompile>
    <ClCompile Include="TBTreeView.cpp">
      <Filter>Source Files</Filter>
    </ClCompile>
    <ClCompile Include="TBToolTip.cpp">
      <Filter>Source Files</Filter>
    </ClCompile>
  </ItemGroup>
  <ItemGroup>
    <ClInclude Include="stdafx.h">
      <Filter>Header Files</Filter>
    </ClInclude>
    <ClInclude Include="targetver.h">
      <Filter>Header Files</Filter>
    </ClInclude>
    <ClInclude Include="Resource.h">
      <Filter>Header Files</Filter>
    </ClInclude>
    <ClInclude Include="COMCTL32.h">
      <Filter>Header Files</Filter>
    </ClInclude>
    <ClInclude Include="detours.h">
      <Filter>Header Files</Filter>
    </ClInclude>
    <ClInclude Include="detver.h">
      <Filter>Header Files</Filter>
    </ClInclude>
    <ClInclude Include="GDI32.h">
      <Filter>Header Files</Filter>
    </ClInclude>
    <ClInclude Include="HookedFunction.h">
      <Filter>Header Files</Filter>
    </ClInclude>
    <ClInclude Include="TBComboBox.h">
      <Filter>Header Files</Filter>
    </ClInclude>
    <ClInclude Include="TBDC.h">
      <Filter>Header Files</Filter>
    </ClInclude>
    <ClInclude Include="TBImageList.h">
      <Filter>Header Files</Filter>
    </ClInclude>
    <ClInclude Include="TBListBox.h">
      <Filter>Header Files</Filter>
    </ClInclude>
    <ClInclude Include="TBMenu.h">
      <Filter>Header Files</Filter>
    </ClInclude>
    <ClInclude Include="TBMessageQueue.h">
      <Filter>Header Files</Filter>
    </ClInclude>
    <ClInclude Include="TBWnd.h">
      <Filter>Header Files</Filter>
    </ClInclude>
    <ClInclude Include="USER32.h">
      <Filter>Header Files</Filter>
    </ClInclude>
    <ClInclude Include="TBGlobals.h">
      <Filter>Header Files</Filter>
    </ClInclude>
    <ClInclude Include="TBDialog.h">
      <Filter>Header Files</Filter>
    </ClInclude>
    <ClInclude Include="TBTimer.h">
      <Filter>Header Files</Filter>
    </ClInclude>
    <ClInclude Include="TBEdit.h">
      <Filter>Header Files</Filter>
    </ClInclude>
    <ClInclude Include="StreamReaderWriter.h">
      <Filter>Header Files</Filter>
    </ClInclude>
    <ClInclude Include="TBStatusBar.h">
      <Filter>Header Files</Filter>
    </ClInclude>
    <ClInclude Include="TBTreeView.h">
      <Filter>Header Files</Filter>
    </ClInclude>
    <ClInclude Include="TBToolTip.h">
      <Filter>Header Files</Filter>
    </ClInclude>
  </ItemGroup>
  <ItemGroup>
    <ResourceCompile Include="TbAPIHooks.rc">
      <Filter>Resource Files</Filter>
    </ResourceCompile>
  </ItemGroup>
</Project>