{
    "name": "@taskbuilder/core",
    "version": "1.0.0-beta.6",
    "lockfileVersion": 1,
    "requires": true,
    "dependencies": {
        "@progress/kendo-angular-buttons": {
            "version": "3.0.2",
            "resolved": "https://registry.npmjs.org/@progress/kendo-angular-buttons/-/kendo-angular-buttons-3.0.2.tgz",
            "integrity": "sha512-3khTpR1YbX2RY/05M7jUsW8FZyh1ee28Tdhwu5CmuwJe/HVHH8uNBhTAUvglhUDR+e+dDebITedpxUMFZ9biMA==",
            "requires": {
                "@progress/kendo-angular-popup": "2.0.1",
                "tslib": "1.9.0"
            }
        },
        "@progress/kendo-angular-charts": {
            "version": "2.0.1",
            "resolved": "https://registry.npmjs.org/@progress/kendo-angular-charts/-/kendo-angular-charts-2.0.1.tgz",
            "integrity": "sha512-wKbqO26+gV4M6cjwkpRQVZJgic7TlRJ1RC/H/Hxc2FY1ZGdiSVLvOBB+MDKdYLnz5IKv0vKPVlqGEmNdJhK6RQ==",
            "requires": {
                "@progress/kendo-angular-popup": "2.0.1",
                "@progress/kendo-angular-resize-sensor": "3.0.1",
                "@progress/kendo-charts": "1.6.1",
                "tslib": "1.9.0"
            }
        },
        "@progress/kendo-angular-dateinputs": {
            "version": "2.1.1",
            "resolved": "https://registry.npmjs.org/@progress/kendo-angular-dateinputs/-/kendo-angular-dateinputs-2.1.1.tgz",
            "integrity": "sha512-SucxlfM9ZJvFZIcHG6kxpnceGeMXZJ5UoHtr860u2VttV4X6wj+fdhbFCRyFOosa5YEUDcbSBfSY0pyHtwiOPQ==",
            "requires": {
                "@progress/kendo-angular-popup": "2.0.1",
                "@progress/kendo-date-math": "1.1.2",
                "tslib": "1.9.0"
            }
        },
        "@progress/kendo-angular-dialog": {
            "version": "3.1.1",
            "resolved": "https://registry.npmjs.org/@progress/kendo-angular-dialog/-/kendo-angular-dialog-3.1.1.tgz",
            "integrity": "sha512-VfJ9DK3EnXYWWHbOPXSYUfuKQKy2gq4eqYShzlnRiwwaoMchhaiNLnvHQB4GL2dQsrZsshQktjmlnMDEAozJ0Q==",
            "requires": {
                "@progress/kendo-popup-common": "1.2.3",
                "@telerik/kendo-draggable": "1.6.0",
                "tslib": "1.9.0"
            }
        },
        "@progress/kendo-angular-dropdowns": {
            "version": "2.0.1",
            "resolved": "https://registry.npmjs.org/@progress/kendo-angular-dropdowns/-/kendo-angular-dropdowns-2.0.1.tgz",
            "integrity": "sha512-s31bbqMyMpH+WOb7nMDQ8YY+sQtLvDwQMZECurF7kTecJhwbxyXQUgZic/Ct5JkkD05O846so+zKg+a9i5xDBQ==",
            "requires": {
                "@progress/kendo-angular-popup": "2.0.1",
                "@progress/kendo-angular-resize-sensor": "3.0.1",
                "tslib": "1.9.0"
            }
        },
        "@progress/kendo-angular-excel-export": {
            "version": "1.0.5",
            "resolved": "https://registry.npmjs.org/@progress/kendo-angular-excel-export/-/kendo-angular-excel-export-1.0.5.tgz",
            "integrity": "sha1-38QJrTebI6j1w8Vg7q1rBIoH+os=",
            "requires": {
                "@progress/kendo-file-saver": "1.0.4",
                "@progress/kendo-ooxml": "1.0.2",
                "tslib": "1.9.0"
            }
        },
        "@progress/kendo-angular-gauges": {
            "version": "1.0.2",
            "resolved": "https://registry.npmjs.org/@progress/kendo-angular-gauges/-/kendo-angular-gauges-1.0.2.tgz",
            "integrity": "sha512-JM5xjsl8YVpNTpsOL/6glBPptaTmzv4znxnIu8vSqFOF/LOuBA40Z7vF2IpLRM4k5w752NTfN4IVPOfmpD5frA==",
            "requires": {
                "@progress/kendo-angular-resize-sensor": "2.0.2",
                "@progress/kendo-charts": "1.6.1",
                "tslib": "1.9.0"
            },
            "dependencies": {
                "@progress/kendo-angular-resize-sensor": {
                    "version": "2.0.2",
                    "resolved": "https://registry.npmjs.org/@progress/kendo-angular-resize-sensor/-/kendo-angular-resize-sensor-2.0.2.tgz",
                    "integrity": "sha512-brpcRx4sHFPa8r5tRi7uT/COLlkRJ/lmsm1XrDijEwGcWnpU0KM4wP1Ee7H3DWZgHmuxme9o262/slYCo1NIqg==",
                    "requires": {
                        "tslib": "1.9.0"
                    }
                }
            }
        },
        "@progress/kendo-angular-grid": {
            "version": "2.0.2",
            "resolved": "https://registry.npmjs.org/@progress/kendo-angular-grid/-/kendo-angular-grid-2.0.2.tgz",
            "integrity": "sha512-2qHX+ZHA1rRVANuahF2GlvGT25rmc+it4hWTCjpve4ehArwYPYSrMibfJ4IdoUuGZkU/T5oxdonqzRdgDZqtfA==",
            "requires": {
                "@progress/kendo-angular-pdf-export": "1.0.1",
                "@progress/kendo-angular-resize-sensor": "3.0.1",
                "@progress/kendo-file-saver": "1.0.4",
                "@telerik/kendo-draggable": "1.6.0",
                "tslib": "1.9.0"
            }
        },
        "@progress/kendo-angular-inputs": {
            "version": "2.1.1",
            "resolved": "https://registry.npmjs.org/@progress/kendo-angular-inputs/-/kendo-angular-inputs-2.1.1.tgz",
            "integrity": "sha512-ARPa4vEQx16o+yiIHOi+4YykV6qMcT3957q17IUsV2JM7vdzHjj6KXbmPnRWANPhUkHj3gdAhC6AtOuRTVG2zg==",
            "requires": {
                "@progress/kendo-angular-resize-sensor": "3.0.1",
                "@telerik/kendo-draggable": "1.6.0",
                "@telerik/kendo-inputs-common": "2.3.0",
                "tslib": "1.9.0"
            }
        },
        "@progress/kendo-angular-intl": {
            "version": "1.3.0",
            "resolved": "https://registry.npmjs.org/@progress/kendo-angular-intl/-/kendo-angular-intl-1.3.0.tgz",
            "integrity": "sha1-DHgnjVlj8q3zv9xko9qDlrDEuFc=",
            "requires": {
                "@telerik/kendo-intl": "1.3.2",
                "tslib": "1.9.0"
            }
        },
        "@progress/kendo-angular-l10n": {
            "version": "1.0.5",
            "resolved": "https://registry.npmjs.org/@progress/kendo-angular-l10n/-/kendo-angular-l10n-1.0.5.tgz",
            "integrity": "sha1-nKgoz+Ra467WNCI7nLE9yyyHUDE=",
            "requires": {
                "tslib": "1.9.0"
            }
        },
        "@progress/kendo-angular-layout": {
            "version": "2.0.0",
            "resolved": "https://registry.npmjs.org/@progress/kendo-angular-layout/-/kendo-angular-layout-2.0.0.tgz",
            "integrity": "sha512-FrsVx2CSYkcHRC0QCJAL6mFEnO8P8lj+g4f3BTVD28Cdt0KF/QlmnrgTl+F4wQ8b6TtAV38+XZbNpEJtnXVAlw==",
            "requires": {
                "@telerik/kendo-draggable": "1.6.0",
                "tslib": "1.9.0"
            }
        },
        "@progress/kendo-angular-pdf-export": {
            "version": "1.0.1",
            "resolved": "https://registry.npmjs.org/@progress/kendo-angular-pdf-export/-/kendo-angular-pdf-export-1.0.1.tgz",
            "integrity": "sha1-VuBhoClkiitDPQXdj9/+71C1ZIc=",
            "requires": {
                "@progress/kendo-file-saver": "1.0.4",
                "tslib": "1.9.0"
            }
        },
        "@progress/kendo-angular-popup": {
            "version": "2.0.1",
            "resolved": "https://registry.npmjs.org/@progress/kendo-angular-popup/-/kendo-angular-popup-2.0.1.tgz",
            "integrity": "sha512-Gzt9CrLuOp9GaryZyH+Dh3m09IaJFnprySlKCc2PQi47OuIsWWIoW5X2Z+we1RNkp9zTryDacw2drB0XEcni/Q==",
            "requires": {
                "@progress/kendo-popup-common": "1.2.3",
                "tslib": "1.9.0"
            }
        },
        "@progress/kendo-angular-resize-sensor": {
            "version": "3.0.1",
            "resolved": "https://registry.npmjs.org/@progress/kendo-angular-resize-sensor/-/kendo-angular-resize-sensor-3.0.1.tgz",
            "integrity": "sha512-USkE5GfOBX7eZIc99uW+NbTYIgxzU/KucTJvnr87kW1epGkmJRGaAyqQ9fZJ/NjxLDbFgGlLzx/0wOlamoVNfA==",
            "requires": {
                "tslib": "1.9.0"
            }
        },
        "@progress/kendo-charts": {
            "version": "1.6.1",
            "resolved": "https://registry.npmjs.org/@progress/kendo-charts/-/kendo-charts-1.6.1.tgz",
            "integrity": "sha512-Y8CrxAXqcD02ZqgyDyISF650qR2viWwQ8EdzYE5Fp2AM8Jp0D9fXpNwnGZtfY+6qILa67DXrUlrMcvQs4ndzBQ=="
        },
        "@progress/kendo-data-query": {
            "version": "1.1.2",
            "resolved": "https://registry.npmjs.org/@progress/kendo-data-query/-/kendo-data-query-1.1.2.tgz",
            "integrity": "sha512-CQLqK4/dMEzw8e4YQxMphe7Q5IPG/cCFm9TbTSo1TcNQpkYm+W6ACZtOZAv8+vE/CvBUob+BuQoj/EWsdn+pug==",
            "requires": {
                "tslib": "1.9.0"
            }
        },
        "@progress/kendo-date-math": {
            "version": "1.1.2",
            "resolved": "https://registry.npmjs.org/@progress/kendo-date-math/-/kendo-date-math-1.1.2.tgz",
            "integrity": "sha512-R/Evwpz3Ge3iYWcDgz4DMkfvAMfH3mH/D+S+OHm5OmmZrA7q/KqKlh19rW7B6LoJV1E0xF5mMS85y/E9iE0RSw==",
            "requires": {
                "tslib": "1.9.0"
            }
        },
        "@progress/kendo-drawing": {
            "version": "1.4.2",
            "resolved": "https://registry.npmjs.org/@progress/kendo-drawing/-/kendo-drawing-1.4.2.tgz",
            "integrity": "sha512-3g4UQQKy2A1p+zC5ckhGsQQ4DMjQIANJKkpPcf4l0CU3VraFAUun6fpzZXHuvlLh8KZ5Hq0N0YDHz3a2Un9tqw==",
            "requires": {
                "pako": "1.0.6"
            }
        },
        "@progress/kendo-file-saver": {
            "version": "1.0.4",
            "resolved": "https://registry.npmjs.org/@progress/kendo-file-saver/-/kendo-file-saver-1.0.4.tgz",
            "integrity": "sha1-pwI8IlHwSnVquGxW9xxO7LGjVr4="
        },
        "@progress/kendo-ooxml": {
            "version": "1.0.2",
            "resolved": "https://registry.npmjs.org/@progress/kendo-ooxml/-/kendo-ooxml-1.0.2.tgz",
            "integrity": "sha1-aO9/ZeTocg2ELMvabdg0FAIKlOM=",
            "requires": {
                "jszip": "3.1.5"
            }
        },
        "@progress/kendo-popup-common": {
            "version": "1.2.3",
            "resolved": "https://registry.npmjs.org/@progress/kendo-popup-common/-/kendo-popup-common-1.2.3.tgz",
            "integrity": "sha1-S6Cb/9+IbqvtQSani1ONmP4yEcY="
        },
        "@progress/kendo-theme-default": {
            "version": "2.47.8",
            "resolved": "https://registry.npmjs.org/@progress/kendo-theme-default/-/kendo-theme-default-2.47.8.tgz",
            "integrity": "sha512-+HzS/hT6YuVH4uhM0+OaZ1qFhb8E9COyzCqtEbv5EM+nJAqgDLsuB9zPEHLgQwWWSTRomowWXRmIuLFYcpPquA=="
        },
        "@telerik/kendo-draggable": {
            "version": "1.6.0",
            "resolved": "https://registry.npmjs.org/@telerik/kendo-draggable/-/kendo-draggable-1.6.0.tgz",
            "integrity": "sha1-aVHSOCibCTIrYwbMugfTieXUeEo="
        },
        "@telerik/kendo-inputs-common": {
            "version": "2.3.0",
            "resolved": "https://registry.npmjs.org/@telerik/kendo-inputs-common/-/kendo-inputs-common-2.3.0.tgz",
            "integrity": "sha1-6HEEaSRA+3OCzVz7C5SzrYkSB0w="
        },
        "@telerik/kendo-intl": {
            "version": "1.3.2",
            "resolved": "https://registry.npmjs.org/@telerik/kendo-intl/-/kendo-intl-1.3.2.tgz",
            "integrity": "sha1-WO7x9Ksc2UJTVIrIcsPVUlfGA34="
        },
        "angular-tree-component": {
            "version": "5.2.1",
            "resolved": "https://registry.npmjs.org/angular-tree-component/-/angular-tree-component-5.2.1.tgz",
            "integrity": "sha1-dRAb4fP7cqda60ct3CvKQ5zMJxY=",
            "requires": {
                "lodash": "4.17.4",
                "mobx": "3.5.1",
                "mobx-angular": "2.1.1"
            }
        },
        "core-js": {
            "version": "2.3.0",
            "resolved": "https://registry.npmjs.org/core-js/-/core-js-2.3.0.tgz",
            "integrity": "sha1-+rg/uwstjchfpjbEudNMdUIMbWU="
        },
        "core-util-is": {
            "version": "1.0.2",
            "resolved": "https://registry.npmjs.org/core-util-is/-/core-util-is-1.0.2.tgz",
            "integrity": "sha1-tf1UIgqivFq1eqtxQMlAdUUDwac="
        },
        "es6-promise": {
            "version": "3.0.2",
            "resolved": "https://registry.npmjs.org/es6-promise/-/es6-promise-3.0.2.tgz",
            "integrity": "sha1-AQ1YWEI6XxGJeWZfRkhqlcbuK7Y="
        },
        "immediate": {
            "version": "3.0.6",
            "resolved": "https://registry.npmjs.org/immediate/-/immediate-3.0.6.tgz",
            "integrity": "sha1-nbHb0Pr43m++D13V5Wu2BigN5ps="
        },
        "inherits": {
            "version": "2.0.3",
            "resolved": "https://registry.npmjs.org/inherits/-/inherits-2.0.3.tgz",
            "integrity": "sha1-Yzwsg+PaQqUC9SRmAiSA9CCCYd4="
        },
        "isarray": {
            "version": "1.0.0",
            "resolved": "https://registry.npmjs.org/isarray/-/isarray-1.0.0.tgz",
            "integrity": "sha1-u5NdSFgsuhaMBoNJV6VKPgcSTxE="
        },
        "json8": {
            "version": "0.8.2",
            "resolved": "https://registry.npmjs.org/json8/-/json8-0.8.2.tgz",
            "integrity": "sha1-z9MEuDPYh6C1Y3Adf4KGJSF7g6g="
        },
        "json8-patch": {
            "version": "0.4.0",
            "resolved": "https://registry.npmjs.org/json8-patch/-/json8-patch-0.4.0.tgz",
            "integrity": "sha1-5plj/upZNwaHK3QH9HpdFjGVujY=",
            "requires": {
                "json8": "0.8.2",
                "json8-pointer": "0.5.0"
            }
        },
        "json8-pointer": {
            "version": "0.5.0",
            "resolved": "https://registry.npmjs.org/json8-pointer/-/json8-pointer-0.5.0.tgz",
            "integrity": "sha1-ZRVv1h3XHQSdW5HxQWpjSn8j57Y="
        },
        "jszip": {
            "version": "3.1.5",
            "resolved": "https://registry.npmjs.org/jszip/-/jszip-3.1.5.tgz",
            "integrity": "sha512-5W8NUaFRFRqTOL7ZDDrx5qWHJyBXy6velVudIzQUSoqAAYqzSh2Z7/m0Rf1QbmQJccegD0r+YZxBjzqoBiEeJQ==",
            "requires": {
                "core-js": "2.3.0",
                "es6-promise": "3.0.2",
                "lie": "3.1.1",
                "pako": "1.0.6",
                "readable-stream": "2.0.6"
            }
        },
        "lie": {
            "version": "3.1.1",
            "resolved": "https://registry.npmjs.org/lie/-/lie-3.1.1.tgz",
            "integrity": "sha1-mkNrLMd0bKWd56QfpGmz77dr2H4=",
            "requires": {
                "immediate": "3.0.6"
            }
        },
        "lodash": {
            "version": "4.17.4",
            "resolved": "https://registry.npmjs.org/lodash/-/lodash-4.17.4.tgz",
            "integrity": "sha1-eCA6TRwyiuHYbcpkYONptX9AVa4="
        },
        "mobx": {
            "version": "3.5.1",
            "resolved": "https://registry.npmjs.org/mobx/-/mobx-3.5.1.tgz",
            "integrity": "sha1-jmguxTXPROBABbnjfi32asyXWkI="
        },
        "mobx-angular": {
            "version": "2.1.1",
            "resolved": "https://registry.npmjs.org/mobx-angular/-/mobx-angular-2.1.1.tgz",
            "integrity": "sha1-1eNlOayyABht1aEXCAa0d2uai4g="
        },
        "pako": {
            "version": "1.0.6",
            "resolved": "https://registry.npmjs.org/pako/-/pako-1.0.6.tgz",
            "integrity": "sha512-lQe48YPsMJAig+yngZ87Lus+NF+3mtu7DVOBu6b/gHO1YpKwIj5AWjZ/TOS7i46HD/UixzWb1zeWDZfGZ3iYcg=="
        },
        "process-nextick-args": {
            "version": "1.0.7",
            "resolved": "https://registry.npmjs.org/process-nextick-args/-/process-nextick-args-1.0.7.tgz",
            "integrity": "sha1-FQ4gt1ZZCtP5EJPyWk8q2L/zC6M="
        },
        "readable-stream": {
            "version": "2.0.6",
            "resolved": "https://registry.npmjs.org/readable-stream/-/readable-stream-2.0.6.tgz",
            "integrity": "sha1-j5A0HmilPMySh4jaz80Rs265t44=",
            "requires": {
                "core-util-is": "1.0.2",
                "inherits": "2.0.3",
                "isarray": "1.0.0",
                "process-nextick-args": "1.0.7",
                "string_decoder": "0.10.31",
                "util-deprecate": "1.0.2"
            }
        },
        "string_decoder": {
            "version": "0.10.31",
            "resolved": "https://registry.npmjs.org/string_decoder/-/string_decoder-0.10.31.tgz",
            "integrity": "sha1-YuIDvEF2bGwoyfyEMB2rHFMQ+pQ="
        },
        "tslib": {
            "version": "1.9.0",
            "resolved": "https://registry.npmjs.org/tslib/-/tslib-1.9.0.tgz",
            "integrity": "sha512-f/qGG2tUkrISBlQZEjEqoZ3B2+npJjIf04H1wuAv9iA8i04Icp+61KRXxFdha22670NJopsZCIjhC3SnjPRKrQ=="
        },
        "util-deprecate": {
            "version": "1.0.2",
            "resolved": "https://registry.npmjs.org/util-deprecate/-/util-deprecate-1.0.2.tgz",
            "integrity": "sha1-RQ1Nyfpw3nMnYvvS1KKJgUGaDM8="
        }
    }
}
