<?xml version="1.0" encoding="utf-8"?>
<Project ToolsVersion="4.0" xmlns="http://schemas.microsoft.com/developer/msbuild/2003">
  <ItemGroup>
    <Filter Include="Source Files">
      <UniqueIdentifier>{4FC737F1-C7A5-4376-A066-2A32D752A2FF}</UniqueIdentifier>
      <Extensions>cpp;c;cc;cxx;def;odl;idl;hpj;bat;asm;asmx</Extensions>
    </Filter>
    <Filter Include="Header Files">
      <UniqueIdentifier>{93995380-89BD-4b04-88EB-625FBE52EBFB}</UniqueIdentifier>
      <Extensions>h;hpp;hxx;hm;inl;inc;xsd</Extensions>
    </Filter>
    <Filter Include="Resource Files">
      <UniqueIdentifier>{67DA6AB6-F800-4c08-8B7A-83BB121AAD01}</UniqueIdentifier>
      <Extensions>rc;ico;cur;bmp;dlg;rc2;rct;bin;rgs;gif;jpg;jpeg;jpe;resx;tiff;tif;png;wav</Extensions>
    </Filter>
    <Filter Include="Files">
      <UniqueIdentifier>{b9037487-c4a6-4caa-9978-1598e7d15dce}</UniqueIdentifier>
    </Filter>
    <Filter Include="External Resources">
      <UniqueIdentifier>{4282d693-86a7-4d05-ad6c-15b80a6d6334}</UniqueIdentifier>
    </Filter>
  </ItemGroup>
  <ItemGroup>
    <ClCompile Include="ApplicationsLoader.cpp">
      <Filter>Source Files</Filter>
    </ClCompile>
    <ClCompile Include="DocumentThread.cpp">
      <Filter>Source Files</Filter>
    </ClCompile>
    <ClCompile Include="FileSystemDriver.cpp">
      <Filter>Source Files</Filter>
    </ClCompile>
    <ClCompile Include="FileSystemManager.cpp">
      <Filter>Source Files</Filter>
    </ClCompile>
    <ClCompile Include="LibrariesLoader.cpp">
      <Filter>Source Files</Filter>
    </ClCompile>
    <ClCompile Include="LoginThread.cpp">
      <Filter>Source Files</Filter>
    </ClCompile>
    <ClCompile Include="stdafx.cpp">
      <Filter>Source Files</Filter>
    </ClCompile>
    <ClCompile Include="TaskBuilderApp.cpp">
      <Filter>Source Files</Filter>
    </ClCompile>
    <ClCompile Include="TBApplication.cpp">
      <Filter>Source Files</Filter>
    </ClCompile>
    <ClCompile Include="TbCommandManager.cpp">
      <Filter>Source Files</Filter>
    </ClCompile>
    <ClCompile Include="ThreadMainWindow.cpp">
      <Filter>Source Files</Filter>
    </ClCompile>
    <ClCompile Include="StackWalker.cpp">
      <Filter>Source Files</Filter>
    </ClCompile>
    <ClCompile Include="CDesignManipulator.cpp">
      <Filter>Source Files</Filter>
    </ClCompile>
    <ClCompile Include="TBWebHandler.cpp">
      <Filter>Source Files</Filter>
    </ClCompile>
    <ClCompile Include="TbMenuHandler.cpp">
      <Filter>Source Files</Filter>
    </ClCompile>
    <ClCompile Include="TbMenuHandlerGDI.cpp">
      <Filter>Source Files</Filter>
    </ClCompile>
    <ClCompile Include="TBGenericHandler.cpp">
      <Filter>Source Files</Filter>
    </ClCompile>
    <ClCompile Include="TBSocketHandler.cpp">
      <Filter>Source Files</Filter>
    </ClCompile>
  </ItemGroup>
  <ItemGroup>
    <None Include="TBApplication.def">
      <Filter>Source Files</Filter>
    </None>
    <None Include="BEGINH.DEX">
      <Filter>Header Files</Filter>
    </None>
    <None Include="ENDH.DEX">
      <Filter>Header Files</Filter>
    </None>
    <None Include="Files\test.html" />
    <None Include="Files\Utils.js" />
    <None Include="Files\validators.js" />
    <None Include="Files\js\Controllers\NewMenuTemplateController.js" />
    <None Include="Files\widget\Ico\Add icon - Icon search engine.url">
      <Filter>External Resources</Filter>
    </None>
    <None Include="Files\templates\Common\advancedSearch.html">
      <Filter>External Resources</Filter>
    </None>
    <None Include="Files\templates\alert.html">
      <Filter>External Resources</Filter>
    </None>
    <None Include="Files\Libraries\angular.1.5.5.min.js">
      <Filter>External Resources</Filter>
    </None>
    <None Include="Files\Libraries\angular.min.js">
      <Filter>External Resources</Filter>
    </None>
    <None Include="Files\Libraries\angular.min.js.map">
      <Filter>External Resources</Filter>
    </None>
    <None Include="Files\Libraries\angular-animate.1.5.5.min.js">
      <Filter>External Resources</Filter>
    </None>
    <None Include="Files\Libraries\angular-animate.min.js">
      <Filter>External Resources</Filter>
    </None>
    <None Include="Files\Libraries\angular-aria.1.5.5.min.js">
      <Filter>External Resources</Filter>
    </None>
    <None Include="Files\Libraries\angular-aria.min.js">
      <Filter>External Resources</Filter>
    </None>
    <None Include="Files\Libraries\angular-highlightjs.min.js">
      <Filter>External Resources</Filter>
    </None>
    <None Include="Files\Libraries\angular-material.1.1.0.min.js">
      <Filter>External Resources</Filter>
    </None>
    <None Include="Files\Libraries\angular-material.min.css">
      <Filter>External Resources</Filter>
    </None>
    <None Include="Files\Libraries\angular-material.min.js">
      <Filter>External Resources</Filter>
    </None>
    <None Include="Files\Libraries\angular-material-icons.min.js">
      <Filter>External Resources</Filter>
    </None>
    <None Include="Files\Libraries\angular-messages.1.5.5.min.js">
      <Filter>External Resources</Filter>
    </None>
    <None Include="Files\Libraries\angular-messages.min.js">
      <Filter>External Resources</Filter>
    </None>
    <None Include="Files\Libraries\angular-route.js">
      <Filter>External Resources</Filter>
    </None>
    <None Include="Files\Libraries\angular-route.min.js">
      <Filter>External Resources</Filter>
    </None>
    <None Include="Files\Libraries\angular-route.min.js.map">
      <Filter>External Resources</Filter>
    </None>
    <None Include="Files\templates\applicationDropdown.html">
      <Filter>External Resources</Filter>
    </None>
    <None Include="Files\templates\balloon.html">
      <Filter>External Resources</Filter>
    </None>
    <None Include="Files\css\bootstrap.css">
      <Filter>External Resources</Filter>
    </None>
    <None Include="Files\css\bootstrap.css.map">
      <Filter>External Resources</Filter>
    </None>
    <None Include="Files\Libraries\bootstrap.js">
      <Filter>External Resources</Filter>
    </None>
    <None Include="Files\Libraries\bootstrap.min.css">
      <Filter>External Resources</Filter>
    </None>
    <None Include="Files\Libraries\bootstrap.min.js">
      <Filter>External Resources</Filter>
    </None>
    <None Include="Files\Libraries\bootstrap-datepicker.js">
      <Filter>External Resources</Filter>
    </None>
    <None Include="Files\js\Controllers\CalendarController.js">
      <Filter>External Resources</Filter>
    </None>
    <None Include="Files\js\Controllers\CentralPanelController.js">
      <Filter>External Resources</Filter>
    </None>
    <None Include="Files\templates\changeLogin.html">
      <Filter>External Resources</Filter>
    </None>
    <None Include="Files\templates\changePassword.html">
      <Filter>External Resources</Filter>
    </None>
    <None Include="Files\js\Controllers\ChangePasswordController.js">
      <Filter>External Resources</Filter>
    </None>
    <None Include="Files\templates\changePasswordModal.html">
      <Filter>External Resources</Filter>
    </None>
    <None Include="Files\js\Controllers\ChangeThemeController.js">
      <Filter>External Resources</Filter>
    </None>
    <None Include="Files\templates\changeThemeDropdown.html">
      <Filter>External Resources</Filter>
    </None>
    <None Include="Files\widget\Module\Clock\media\Clock.psd">
      <Filter>External Resources</Filter>
    </None>
    <None Include="Files\templates\companyDropdown.html">
      <Filter>External Resources</Filter>
    </None>
    <None Include="Files\const.js">
      <Filter>External Resources</Filter>
    </None>
    <None Include="Files\css\context.bootstrap.css">
      <Filter>External Resources</Filter>
    </None>
    <None Include="Files\Libraries\contextMenu.js">
      <Filter>External Resources</Filter>
    </None>
    <None Include="Files\templates\Common\customizationContext.html">
      <Filter>External Resources</Filter>
    </None>
    <None Include="Files\js\Controllers\Common\CustomizationContextController.js">
      <Filter>External Resources</Filter>
    </None>
    <None Include="Files\templates\dateDropdown.html">
      <Filter>External Resources</Filter>
    </None>
    <None Include="Files\css\datepicker.css">
      <Filter>External Resources</Filter>
    </None>
    <None Include="Files\templates\diagnostic.html">
      <Filter>External Resources</Filter>
    </None>
    <None Include="Files\documentevents.js">
      <Filter>External Resources</Filter>
    </None>
    <None Include="Files\Libraries\draganddrop.js">
      <Filter>External Resources</Filter>
    </None>
    <None Include="Files\js\Services\EasyStudioService.js">
      <Filter>External Resources</Filter>
    </None>
    <None Include="Files\js\Controllers\Common\FavoritesController.js">
      <Filter>External Resources</Filter>
    </None>
    <None Include="Files\templates\favoritesDropdown.html">
      <Filter>External Resources</Filter>
    </None>
    <None Include="Files\templates\footer.html">
      <Filter>External Resources</Filter>
    </None>
    <None Include="Files\js\Controllers\FooterController.js">
      <Filter>External Resources</Filter>
    </None>
    <None Include="Files\formatters.js">
      <Filter>External Resources</Filter>
    </None>
    <None Include="Files\FormatterTypes.js">
      <Filter>External Resources</Filter>
    </None>
    <None Include="Files\templates\frameworkDropdown.html">
      <Filter>External Resources</Filter>
    </None>
    <None Include="Files\css\general.css">
      <Filter>External Resources</Filter>
    </None>
    <None Include="Files\js\Services\GeneralFunctionsService.js">
      <Filter>External Resources</Filter>
    </None>
    <None Include="Files\Images\glyphicons-halflings-regular.eot">
      <Filter>External Resources</Filter>
    </None>
    <None Include="Files\ImagesOld\glyphicons-halflings-regular.eot">
      <Filter>External Resources</Filter>
    </None>
    <None Include="Files\ImagesOld\glyphicons-halflings-regular.svg">
      <Filter>External Resources</Filter>
    </None>
    <None Include="Files\Images\glyphicons-halflings-regular.svg">
      <Filter>External Resources</Filter>
    </None>
    <None Include="Files\Images\glyphicons-halflings-regular.woff">
      <Filter>External Resources</Filter>
    </None>
    <None Include="Files\ImagesOld\glyphicons-halflings-regular.woff">
      <Filter>External Resources</Filter>
    </None>
    <None Include="Files\templates\groupDropdown.html">
      <Filter>External Resources</Filter>
    </None>
    <None Include="Files\js\Controllers\HiddenTilesController.js">
      <Filter>External Resources</Filter>
    </None>
    <None Include="Files\templates\hiddenTilesDropDown.html">
      <Filter>External Resources</Filter>
    </None>
    <None Include="Files\js\Controllers\ImageLoginController.js">
      <Filter>External Resources</Filter>
    </None>
    <None Include="Files\js\Services\ImageService.js">
      <Filter>External Resources</Filter>
    </None>
    <None Include="Files\templates\Common\itemCustomizationsDropdown.html">
      <Filter>External Resources</Filter>
    </None>
    <None Include="Files\js\Controllers\Common\ItemOptionsController.js">
      <Filter>External Resources</Filter>
    </None>
    <None Include="Files\Libraries\jquery.min.js">
      <Filter>External Resources</Filter>
    </None>
    <None Include="Files\Libraries\jquery-ui.js">
      <Filter>External Resources</Filter>
    </None>
    <None Include="Files\Libraries\jquery-ui.min.js">
      <Filter>External Resources</Filter>
    </None>
    <None Include="Files\js\Services\LocalizationService.js">
      <Filter>External Resources</Filter>
    </None>
    <None Include="Files\js\Services\LoggingService.js">
      <Filter>External Resources</Filter>
    </None>
    <None Include="Files\css\login.css">
      <Filter>External Resources</Filter>
    </None>
    <None Include="Files\templates\login.html">
      <Filter>External Resources</Filter>
    </None>
    <None Include="Files\js\login.js">
      <Filter>External Resources</Filter>
    </None>
    <None Include="Files\templates\loginContent.html">
      <Filter>External Resources</Filter>
    </None>
    <None Include="Files\js\Controllers\LoginController.js">
      <Filter>External Resources</Filter>
    </None>
    <None Include="Files\loginHost.html">
      <Filter>External Resources</Filter>
    </None>
    <None Include="Files\js\Controllers\LoginHostController.js">
      <Filter>External Resources</Filter>
    </None>
    <None Include="Files\templates\loginOptionsDropdown.html">
      <Filter>External Resources</Filter>
    </None>
    <None Include="Files\css\loginStyle.css">
      <Filter>External Resources</Filter>
    </None>
    <None Include="Files\js\Controllers\MainMenuController.js">
      <Filter>External Resources</Filter>
    </None>
    <None Include="Files\css\menu.css">
      <Filter>External Resources</Filter>
    </None>
    <None Include="Files\Images\Font\MenuIcons.eot">
      <Filter>External Resources</Filter>
    </None>
    <None Include="Files\Images\Font\MenuIcons.svg">
      <Filter>External Resources</Filter>
    </None>
    <None Include="Files\Images\Font\MenuIcons.woff">
      <Filter>External Resources</Filter>
    </None>
    <None Include="Files\Images\Font\MenuIcons_cb8517f725be1cd339e9f3f06101d3de.eot">
      <Filter>External Resources</Filter>
    </None>
    <None Include="Files\Images\Font\MenuIcons_cb8517f725be1cd339e9f3f06101d3de.svg">
      <Filter>External Resources</Filter>
    </None>
    <None Include="Files\Images\Font\MenuIcons_cb8517f725be1cd339e9f3f06101d3de.woff">
      <Filter>External Resources</Filter>
    </None>
    <None Include="Files\templates\Common\menuItemElement.html">
      <Filter>External Resources</Filter>
    </None>
    <None Include="Files\templates\Common\menuItemImage.html">
      <Filter>External Resources</Filter>
    </None>
    <None Include="Files\js\Services\MenuService.js">
      <Filter>External Resources</Filter>
    </None>
    <None Include="Files\templates\MenuTemplateWidget.html">
      <Filter>External Resources</Filter>
    </None>
    <None Include="Files\MenuWidget.html">
      <Filter>External Resources</Filter>
    </None>
    <None Include="Files\js\MenuWidget.js">
      <Filter>External Resources</Filter>
    </None>
    <None Include="Files\messagesHelper.js">
      <Filter>External Resources</Filter>
    </None>
    <None Include="Module.config">
      <Filter>External Resources</Filter>
    </None>
    <None Include="Files\js\Controllers\Common\MostUsedController.js">
      <Filter>External Resources</Filter>
    </None>
    <None Include="Files\templates\mostUsedDropDown.html">
      <Filter>External Resources</Filter>
    </None>
    <None Include="Files\templates\newHubApplicationContainer.html">
      <Filter>External Resources</Filter>
    </None>
    <None Include="Files\templates\newIconsGroup.html">
      <Filter>External Resources</Filter>
    </None>
    <None Include="Files\templates\newIconsGroupRecursive.html">
      <Filter>External Resources</Filter>
    </None>
    <None Include="Files\newMenu.html">
      <Filter>External Resources</Filter>
    </None>
    <None Include="Files\js\newMenu.js">
      <Filter>External Resources</Filter>
    </None>
    <None Include="Files\templates\newMenuTemplate.html">
      <Filter>External Resources</Filter>
    </None>
    <None Include="Files\js\Controllers\NewMenuTemplateController.js">
      <Filter>External Resources</Filter>
    </None>
    <None Include="Files\js\Controllers\NewNavBarController.js">
      <Filter>External Resources</Filter>
    </None>
    <None Include="Files\templates\newNavBarTemplate.html">
      <Filter>External Resources</Filter>
    </None>
    <None Include="Files\templates\newTileGroup.html">
      <Filter>External Resources</Filter>
    </None>
    <None Include="Files\templates\newTileGroupRecursive.html">
      <Filter>External Resources</Filter>
    </None>
    <None Include="Files\templates\newViewerSelector.html">
      <Filter>External Resources</Filter>
    </None>
    <None Include="Files\noMenu.html">
      <Filter>External Resources</Filter>
    </None>
    <None Include="Files\js\Controllers\NotificationController.js">
      <Filter>External Resources</Filter>
    </None>
    <None Include="Files\css\objectImages.css">
      <Filter>External Resources</Filter>
    </None>
    <None Include="Files\css\objectImagesOld.css">
      <Filter>External Resources</Filter>
    </None>
    <None Include="Files\css\overrides.css">
      <Filter>External Resources</Filter>
    </None>
    <None Include="Files\Images\Font\preview.html">
      <Filter>External Resources</Filter>
    </None>
    <None Include="Files\js\Controllers\ProductInfoController.js">
      <Filter>External Resources</Filter>
    </None>
    <None Include="Files\templates\productInfoDropdown.html">
      <Filter>External Resources</Filter>
    </None>
    <None Include="Files\js\Services\RoutingProvider.js">
      <Filter>External Resources</Filter>
    </None>
    <None Include="Files\js\Services\RoutingProviderWidget.js">
      <Filter>External Resources</Filter>
    </None>
    <None Include="Files\js\Controllers\Common\SearchController.js">
      <Filter>External Resources</Filter>
    </None>
    <None Include="Files\templates\Common\searchItem.html">
      <Filter>External Resources</Filter>
    </None>
    <None Include="Files\serverMonitor.html">
      <Filter>External Resources</Filter>
    </None>
    <None Include="Files\serverMonitor.js">
      <Filter>External Resources</Filter>
    </None>
    <None Include="Files\js\Services\SettingsService.js">
      <Filter>External Resources</Filter>
    </None>
    <None Include="Files\templates\studioDropdown.html">
      <Filter>External Resources</Filter>
    </None>
    <None Include="Files\Images\Font\styles.css">
      <Filter>External Resources</Filter>
    </None>
    <None Include="Files\Images\Font\styles.scss">
      <Filter>External Resources</Filter>
    </None>
    <None Include="Files\controls\TBControl.js">
      <Filter>External Resources</Filter>
    </None>
    <None Include="Files\templates\tbfApplicationDropdown.html">
      <Filter>External Resources</Filter>
    </None>
    <None Include="Files\tbfMenu.html">
      <Filter>External Resources</Filter>
    </None>
    <None Include="Files\js\tbfMenu.js">
      <Filter>External Resources</Filter>
    </None>
    <None Include="Files\js\Controllers\TbfNavBarController.js">
      <Filter>External Resources</Filter>
    </None>
    <None Include="Files\templates\tbfNavBarTemplate.html">
      <Filter>External Resources</Filter>
    </None>
    <None Include="Files\js\Controllers\TbfSidedropController.js">
      <Filter>External Resources</Filter>
    </None>
    <None Include="Files\js\Controllers\TbsSidedropController.js">
      <Filter>External Resources</Filter>
    </None>
    <None Include="Files\js\tbwebsockets.js">
      <Filter>External Resources</Filter>
    </None>
    <None Include="Files\test.html">
      <Filter>External Resources</Filter>
    </None>
    <None Include="Files\Libraries\ui-bootstrap-tpls.js">
      <Filter>External Resources</Filter>
    </None>
    <None Include="Files\Libraries\ui-bootstrap-tpls.min.js">
      <Filter>External Resources</Filter>
    </None>
    <None Include="Files\js\Controllers\UserController.js">
      <Filter>External Resources</Filter>
    </None>
    <None Include="Files\templates\userDropdown.html">
      <Filter>External Resources</Filter>
    </None>
    <None Include="Files\Utils.js">
      <Filter>External Resources</Filter>
    </None>
    <None Include="Files\validators.js">
      <Filter>External Resources</Filter>
    </None>
    <None Include="Files\widget\Module\Clock\widget.css">
      <Filter>External Resources</Filter>
    </None>
    <None Include="Files\widget\Css\widget.css">
      <Filter>External Resources</Filter>
    </None>
    <None Include="Files\widget\Module\Calendar\widget.css">
      <Filter>External Resources</Filter>
    </None>
    <None Include="Files\widget\Module\Calculator\widget.css">
      <Filter>External Resources</Filter>
    </None>
    <None Include="Files\widget\Module\Calendar\widget.html">
      <Filter>External Resources</Filter>
    </None>
    <None Include="Files\widget\widget.html">
      <Filter>External Resources</Filter>
    </None>
    <None Include="Files\widget\Module\Calculator\widget.html">
      <Filter>External Resources</Filter>
    </None>
    <None Include="Files\widget\Module\Clock\widget.html">
      <Filter>External Resources</Filter>
    </None>
    <None Include="Files\widget\Module\Clock\widget.js">
      <Filter>External Resources</Filter>
    </None>
    <None Include="Files\widget\Module\Calendar\widget.js">
      <Filter>External Resources</Filter>
    </None>
    <None Include="Files\widget\Module\Calculator\widget.js">
      <Filter>External Resources</Filter>
    </None>
    <None Include="Files\widget\widget.json">
      <Filter>External Resources</Filter>
    </None>
    <None Include="Files\widget\Controllers\widgetController.js">
      <Filter>External Resources</Filter>
    </None>
    <None Include="Files\templates\Common\customizationContextDialog.html" />
    <None Include="Files\js\Controllers\Common\ESCloneDocumentController.js" />
    <None Include="Files\templates\Common\cloneDocumentDialog.html" />
  </ItemGroup>
  <ItemGroup>
    <ClInclude Include="ApplicationsLoader.h">
      <Filter>Header Files</Filter>
    </ClInclude>
    <ClInclude Include="DocumentThread.h">
      <Filter>Header Files</Filter>
    </ClInclude>
    <ClInclude Include="FileSystemDriver.h">
      <Filter>Header Files</Filter>
    </ClInclude>
    <ClInclude Include="FileSystemManager.h">
      <Filter>Header Files</Filter>
    </ClInclude>
    <ClInclude Include="LibrariesLoader.h">
      <Filter>Header Files</Filter>
    </ClInclude>
    <ClInclude Include="LoginThread.h">
      <Filter>Header Files</Filter>
    </ClInclude>
    <ClInclude Include="Resource.h">
      <Filter>Header Files</Filter>
    </ClInclude>
    <ClInclude Include="stdafx.h">
      <Filter>Header Files</Filter>
    </ClInclude>
    <ClInclude Include="TaskBuilderApp.h">
      <Filter>Header Files</Filter>
    </ClInclude>
    <ClInclude Include="TbCommandManager.h">
      <Filter>Header Files</Filter>
    </ClInclude>
    <ClInclude Include="ThreadMainWindow.h">
      <Filter>Header Files</Filter>
    </ClInclude>
    <ClInclude Include="StackWalker.h">
      <Filter>Header Files</Filter>
    </ClInclude>
    <ClInclude Include="CDesignManipulator.h">
      <Filter>Header Files</Filter>
    </ClInclude>
    <ClInclude Include="TBWebHandler.h">
      <Filter>Header Files</Filter>
    </ClInclude>
    <ClInclude Include="TbMenuHandler.h">
      <Filter>Header Files</Filter>
    </ClInclude>
    <ClInclude Include="TbMenuHandlerGDI.h">
      <Filter>Header Files</Filter>
    </ClInclude>
    <ClInclude Include="TBGenericHandler.h">
      <Filter>Header Files</Filter>
    </ClInclude>
    <ClInclude Include="TBSocketHandler.h">
      <Filter>Header Files</Filter>
    </ClInclude>
  </ItemGroup>
  <ItemGroup>
    <ResourceCompile Include="TBApplication.rc">
      <Filter>Resource Files</Filter>
    </ResourceCompile>
  </ItemGroup>
  <ItemGroup>
    <Image Include="Files\ajax-loader.gif">
      <Filter>Resource Files</Filter>
    </Image>
    <Image Include="Files\ajax-loader.gif">
      <Filter>Resource Files</Filter>
    </Image>
    <Image Include="Files\ImagesOld\Back.png">
      <Filter>Resource Files</Filter>
    </Image>
    <Image Include="Files\ImagesOld\Batch.png">
      <Filter>Resource Files</Filter>
    </Image>
    <Image Include="Files\ImagesOld\CollapseAll.png">
      <Filter>Resource Files</Filter>
    </Image>
    <Image Include="Files\ImagesOld\Default.png">
      <Filter>Resource Files</Filter>
    </Image>
    <Image Include="Files\ImagesOld\Document.png">
      <Filter>Resource Files</Filter>
    </Image>
    <Image Include="Files\ImagesOld\EmptyStar.png">
      <Filter>Resource Files</Filter>
    </Image>
    <Image Include="Files\ImagesOld\Environment.png">
      <Filter>Resource Files</Filter>
    </Image>
    <Image Include="Files\ImagesOld\ExpandAll.png">
      <Filter>Resource Files</Filter>
    </Image>
    <Image Include="Files\ImagesOld\FilledStar.png">
      <Filter>Resource Files</Filter>
    </Image>
    <Image Include="Files\ImagesOld\FullMenu.png">
      <Filter>Resource Files</Filter>
    </Image>
    <Image Include="Files\ImagesOld\Function.png">
      <Filter>Resource Files</Filter>
    </Image>
    <Image Include="Files\ImagesOld\JustAdded.png">
      <Filter>Resource Files</Filter>
    </Image>
    <Image Include="Files\ImagesOld\LeftArrow.png">
      <Filter>Resource Files</Filter>
    </Image>
    <Image Include="Files\ImagesOld\loading.GIF">
      <Filter>Resource Files</Filter>
    </Image>
    <Image Include="Files\ImagesOld\loading32.gif">
      <Filter>Resource Files</Filter>
    </Image>
    <Image Include="Files\ImagesOld\Notify.png">
      <Filter>Resource Files</Filter>
    </Image>
    <Image Include="Files\ImagesOld\OfficeItem.png">
      <Filter>Resource Files</Filter>
    </Image>
    <Image Include="Files\ImagesOld\Options.png">
      <Filter>Resource Files</Filter>
    </Image>
    <Image Include="Files\ImagesOld\Pin.png">
      <Filter>Resource Files</Filter>
    </Image>
    <Image Include="Files\ImagesOld\PinnedMenu.png">
      <Filter>Resource Files</Filter>
    </Image>
    <Image Include="Files\ImagesOld\ProductInfo.png">
      <Filter>Resource Files</Filter>
    </Image>
    <Image Include="Files\ImagesOld\ReleaseInfo.png">
      <Filter>Resource Files</Filter>
    </Image>
    <Image Include="Files\ImagesOld\Report.png">
      <Filter>Resource Files</Filter>
    </Image>
    <Image Include="Files\ImagesOld\RightArrow.png">
      <Filter>Resource Files</Filter>
    </Image>
    <Image Include="Files\ImagesOld\ShowAll.png">
      <Filter>Resource Files</Filter>
    </Image>
    <Image Include="Files\ImagesOld\Squares.png">
      <Filter>Resource Files</Filter>
    </Image>
    <Image Include="Files\ImagesOld\StartMenu.png">
      <Filter>Resource Files</Filter>
    </Image>
    <Image Include="Files\ImagesOld\Thumbnail.png">
      <Filter>Resource Files</Filter>
    </Image>
    <Image Include="Files\ImagesOld\Unknown.png">
      <Filter>Resource Files</Filter>
    </Image>
    <Image Include="Files\ImagesOld\unpin.png">
      <Filter>Resource Files</Filter>
    </Image>
    <Image Include="Files\ImagesOld\Wizard.png">
      <Filter>Resource Files</Filter>
    </Image>
    <Image Include="Files\ImagesOld\Worker.png">
      <Filter>Resource Files</Filter>
    </Image>
    <Image Include="Files\Images\Back.png">
      <Filter>Resource Files</Filter>
    </Image>
    <Image Include="Files\Images\Batch.png">
      <Filter>Resource Files</Filter>
    </Image>
    <Image Include="Files\Images\CollapseAll.png">
      <Filter>Resource Files</Filter>
    </Image>
    <Image Include="Files\Images\Default.png">
      <Filter>Resource Files</Filter>
    </Image>
    <Image Include="Files\Images\Document.png">
      <Filter>Resource Files</Filter>
    </Image>
    <Image Include="Files\Images\EmptyStar.png">
      <Filter>Resource Files</Filter>
    </Image>
    <Image Include="Files\Images\Environment.png">
      <Filter>Resource Files</Filter>
    </Image>
    <Image Include="Files\Images\ExpandAll.png">
      <Filter>Resource Files</Filter>
    </Image>
    <Image Include="Files\Images\FilledStar.png">
      <Filter>Resource Files</Filter>
    </Image>
    <Image Include="Files\Images\FullMenu.png">
      <Filter>Resource Files</Filter>
    </Image>
    <Image Include="Files\Images\Function.png">
      <Filter>Resource Files</Filter>
    </Image>
    <Image Include="Files\Images\JustAdded.png">
      <Filter>Resource Files</Filter>
    </Image>
    <Image Include="Files\Images\LeftArrow.png">
      <Filter>Resource Files</Filter>
    </Image>
    <Image Include="Files\Images\loading.GIF">
      <Filter>Resource Files</Filter>
    </Image>
    <Image Include="Files\Images\loading32.gif">
      <Filter>Resource Files</Filter>
    </Image>
    <Image Include="Files\Images\Notify.png">
      <Filter>Resource Files</Filter>
    </Image>
    <Image Include="Files\Images\OfficeItem.png">
      <Filter>Resource Files</Filter>
    </Image>
    <Image Include="Files\Images\Options.png">
      <Filter>Resource Files</Filter>
    </Image>
    <Image Include="Files\Images\Pin.png">
      <Filter>Resource Files</Filter>
    </Image>
    <Image Include="Files\Images\PinnedMenu.png">
      <Filter>Resource Files</Filter>
    </Image>
    <Image Include="Files\Images\ProductInfo.png">
      <Filter>Resource Files</Filter>
    </Image>
    <Image Include="Files\Images\ReleaseInfo.png">
      <Filter>Resource Files</Filter>
    </Image>
    <Image Include="Files\Images\Report.png">
      <Filter>Resource Files</Filter>
    </Image>
    <Image Include="Files\Images\RightArrow.png">
      <Filter>Resource Files</Filter>
    </Image>
    <Image Include="Files\Images\ShowAll.png">
      <Filter>Resource Files</Filter>
    </Image>
    <Image Include="Files\Images\Squares.png">
      <Filter>Resource Files</Filter>
    </Image>
    <Image Include="Files\Images\StartMenu.png">
      <Filter>Resource Files</Filter>
    </Image>
    <Image Include="Files\Images\Thumbnail.png">
      <Filter>Resource Files</Filter>
    </Image>
    <Image Include="Files\Images\Unknown.png">
      <Filter>Resource Files</Filter>
    </Image>
    <Image Include="Files\Images\unpin.png">
      <Filter>Resource Files</Filter>
    </Image>
    <Image Include="Files\Images\Wizard.png">
      <Filter>Resource Files</Filter>
    </Image>
    <Image Include="Files\Images\Worker.png">
      <Filter>Resource Files</Filter>
    </Image>
    <Image Include="Files\Images\MostUsed.png">
      <Filter>Resource Files</Filter>
    </Image>
    <Image Include="Files\Images\Show.png">
      <Filter>Resource Files</Filter>
    </Image>
    <Image Include="Files\Images\Hide.png">
      <Filter>Resource Files</Filter>
    </Image>
    <Image Include="Files\Images\Down.png">
      <Filter>Resource Files</Filter>
    </Image>
    <Image Include="Files\Images\Login.png">
      <Filter>Resource Files</Filter>
    </Image>
    <Image Include="Files\Images\LogoMagoNet.png">
      <Filter>Resource Files</Filter>
    </Image>
    <Image Include="Files\Images\settings.png">
      <Filter>Resource Files</Filter>
    </Image>
    <Image Include="Files\Images\Checked16.png">
      <Filter>Resource Files</Filter>
    </Image>
    <Image Include="Files\Images\UnChecked16.png">
      <Filter>Resource Files</Filter>
    </Image>
    <Image Include="Files\Images\SettingsFilled.png">
      <Filter>Resource Files</Filter>
    </Image>
    <Image Include="Files\Images\Load.gif">
      <Filter>Resource Files</Filter>
    </Image>
    <Image Include="Files\Images\LoginBlueDarker.png">
      <Filter>Resource Files</Filter>
    </Image>
    <Image Include="Files\Images\LoginGray.png">
      <Filter>Resource Files</Filter>
    </Image>
    <Image Include="Files\Images\ChangePsw.png">
      <Filter>Resource Files</Filter>
    </Image>
    <Image Include="Files\Images\ChangeUser.png">
      <Filter>Resource Files</Filter>
    </Image>
    <Image Include="Files\Images\OpenDocuments.png">
      <Filter>Resource Files</Filter>
    </Image>
    <Image Include="Files\Images\Mail.png">
      <Filter>Resource Files</Filter>
    </Image>
    <Image Include="Files\Images\NewLogin.png">
      <Filter>Resource Files</Filter>
    </Image>
    <Image Include="Files\Images\ActivateViaInternet.png">
      <Filter>Resource Files</Filter>
    </Image>
    <Image Include="Files\Images\ActivateViaSms.png">
      <Filter>Resource Files</Filter>
    </Image>
    <Image Include="Files\Images\calendar.png">
      <Filter>Resource Files</Filter>
    </Image>
    <Image Include="Files\Images\Help.png">
      <Filter>Resource Files</Filter>
    </Image>
    <Image Include="Files\Images\tbf.png">
      <Filter>Resource Files</Filter>
    </Image>
    <Image Include="Files\Images\User.png">
      <Filter>Resource Files</Filter>
    </Image>
    <Image Include="Files\Images\ClearCachedData.png">
      <Filter>Resource Files</Filter>
    </Image>
    <Image Include="Files\Images\Refresh.png">
      <Filter>Resource Files</Filter>
    </Image>
    <Image Include="Files\Images\escape.png">
      <Filter>Resource Files</Filter>
    </Image>
    <Image Include="Files\Images\Footer.png">
      <Filter>Resource Files</Filter>
    </Image>
    <Image Include="Files\Images\ChooseCompany.png">
      <Filter>Resource Files</Filter>
    </Image>
    <Image Include="Files\Images\LogoMagoNet,.png">
      <Filter>Resource Files</Filter>
    </Image>
    <Image Include="Files\Images\Password.png">
      <Filter>Resource Files</Filter>
    </Image>
    <Image Include="Files\Images\UserName.png">
      <Filter>Resource Files</Filter>
    </Image>
    <Image Include="Files\Images\Right.png">
      <Filter>Resource Files</Filter>
    </Image>
    <Image Include="Files\Images\ChooseCompanyFilled.png">
      <Filter>Resource Files</Filter>
    </Image>
    <Image Include="Files\Images\UserNameFilled.png">
      <Filter>Resource Files</Filter>
    </Image>
    <Image Include="Files\Images\AppTemplateExcel.png">
      <Filter>Resource Files</Filter>
    </Image>
    <Image Include="Files\Images\AppTemplateWord.png">
      <Filter>Resource Files</Filter>
    </Image>
    <Image Include="Files\Images\watermark.png">
      <Filter>Resource Files</Filter>
    </Image>
    <Image Include="Files\Images\LogoTBSSmall.png">
      <Filter>Resource Files</Filter>
    </Image>
    <Image Include="Files\Images\tbs.png">
      <Filter>Resource Files</Filter>
    </Image>
    <Image Include="Files\Images\ActivateViaInternet32.png">
      <Filter>Resource Files</Filter>
    </Image>
    <Image Include="Files\Images\ActivateViaSms32.png">
      <Filter>Resource Files</Filter>
    </Image>
    <Image Include="Files\Images\Info32.png">
      <Filter>Resource Files</Filter>
    </Image>
    <Image Include="Files\Images\Mail32.png">
      <Filter>Resource Files</Filter>
    </Image>
    <Image Include="Files\Images\Refresh32.png">
      <Filter>Resource Files</Filter>
    </Image>
    <Image Include="Files\Images\Domain32.png">
      <Filter>Resource Files</Filter>
    </Image>
    <Image Include="Files\Images\ChangeUser32.png">
      <Filter>Resource Files</Filter>
    </Image>
    <Image Include="Files\Images\ChangePsw32.png">
      <Filter>Resource Files</Filter>
    </Image>
    <Image Include="Files\Images\NewLogin32.png">
      <Filter>Resource Files</Filter>
    </Image>
    <Image Include="Files\Images\EasyStudio.png">
      <Filter>Resource Files</Filter>
    </Image>
    <Image Include="Files\Images\arcticBottom.png">
      <Filter>Resource Files</Filter>
    </Image>
    <Image Include="Files\Images\arcticTop.png">
      <Filter>Resource Files</Filter>
    </Image>
    <Image Include="Files\Images\borealisBottom.png">
      <Filter>Resource Files</Filter>
    </Image>
    <Image Include="Files\Images\borealisTop.png">
      <Filter>Resource Files</Filter>
    </Image>
    <Image Include="Files\widget\Module\Clock\ico.png">
      <Filter>Resource Files</Filter>
    </Image>
    <Image Include="Files\widget\Ico\remove.png">
      <Filter>Resource Files</Filter>
    </Image>
    <Image Include="Files\widget\Ico\ok.png">
      <Filter>Resource Files</Filter>
    </Image>
    <Image Include="Files\widget\Ico\add.png">
      <Filter>Resource Files</Filter>
    </Image>
    <Image Include="Files\widget\Ico\Close.png">
      <Filter>Resource Files</Filter>
    </Image>
    <Image Include="Files\widget\Ico\Open.png">
      <Filter>Resource Files</Filter>
    </Image>
    <Image Include="Files\widget\Module\Clock\media\clockface.png">
      <Filter>Resource Files</Filter>
    </Image>
    <Image Include="Files\widget\Module\Calendar\ico.png">
      <Filter>Resource Files</Filter>
    </Image>
  </ItemGroup>
  <ItemGroup>
    <Font Include="Files\ImagesOld\glyphicons-halflings-regular.ttf">
      <Filter>External Resources</Filter>
    </Font>
    <Font Include="Files\Images\glyphicons-halflings-regular.ttf">
      <Filter>External Resources</Filter>
    </Font>
    <Font Include="Files\Images\Font\MenuIcons.ttf">
      <Filter>External Resources</Filter>
    </Font>
    <Font Include="Files\Images\Font\OpenSans-Bold.ttf">
      <Filter>External Resources</Filter>
    </Font>
    <Font Include="Files\Images\Font\OpenSans-BoldItalic.ttf">
      <Filter>External Resources</Filter>
    </Font>
    <Font Include="Files\Images\Font\OpenSans-ExtraBold.ttf">
      <Filter>External Resources</Filter>
    </Font>
    <Font Include="Files\Images\Font\OpenSans-ExtraBoldItalic.ttf">
      <Filter>External Resources</Filter>
    </Font>
    <Font Include="Files\Images\Font\OpenSans-Italic.ttf">
      <Filter>External Resources</Filter>
    </Font>
    <Font Include="Files\Images\Font\OpenSans-Light.ttf">
      <Filter>External Resources</Filter>
    </Font>
    <Font Include="Files\Images\Font\OpenSans-LightItalic.ttf">
      <Filter>External Resources</Filter>
    </Font>
    <Font Include="Files\Images\Font\OpenSans-Regular.ttf">
      <Filter>External Resources</Filter>
    </Font>
    <Font Include="Files\Images\Font\OpenSans-Semibold.ttf">
      <Filter>External Resources</Filter>
    </Font>
    <Font Include="Files\Images\Font\OpenSans-SemiboldItalic.ttf">
      <Filter>External Resources</Filter>
    </Font>
  </ItemGroup>
  <ItemGroup>
    <Text Include="Files\Libraries\AngularJsLicence.txt">
      <Filter>External Resources</Filter>
    </Text>
  </ItemGroup>
</Project>