
Microsoft Visual Studio Solution File, Format Version 12.00
# Visual Studio 15
VisualStudioVersion = 15.0.27004.2010
MinimumVisualStudioVersion = 10.0.40219.1
Project("{9A19103F-16F7-4668-BE54-9A1E7A4F7556}") = "escli", "escli.csproj", "{F22BBC1A-1F30-43B3-B65B-0C3DFA5D7427}"
EndProject
Project("{9A19103F-16F7-4668-BE54-9A1E7A4F7556}") = "taskbuilder-netcore-interfaces", "..\..\server\library\taskbuilder-netcore-interfaces\taskbuilder-netcore-interfaces.csproj", "{F5E95A11-F8CE-4EBC-B182-402B14DBAF97}"
EndProject
Project("{9A19103F-16F7-4668-BE54-9A1E7A4F7556}") = "taskbuilder-netcore-common", "..\..\server\library\taskbuilder-netcore-common\taskbuilder-netcore-common.csproj", "{8D4BFA43-E4C5-4B5B-8A29-4DCBAC56AC3B}"
EndProject
Project("{9A19103F-16F7-4668-BE54-9A1E7A4F7556}") = "taskbuilder-netcore-easystudio", "..\..\server\library\taskbuilder-netcore-easystudio\taskbuilder-netcore-easystudio.csproj", "{B772DDC3-413D-4C26-988D-DD499E8EC0D1}"
EndProject
Project("{9A19103F-16F7-4668-BE54-9A1E7A4F7556}") = "taskbuilder-netcore-data", "..\..\server\library\taskbuilder-netcore-data\taskbuilder-netcore-data.csproj", "{80C2E75E-1B0C-4E7A-95C4-02C8EB14929C}"
EndProject
Global
	GlobalSection(SolutionConfigurationPlatforms) = preSolution
		Debug|Any CPU = Debug|Any CPU
		Release|Any CPU = Release|Any CPU
	EndGlobalSection
	GlobalSection(ProjectConfigurationPlatforms) = postSolution
		{F22BBC1A-1F30-43B3-B65B-0C3DFA5D7427}.Debug|Any CPU.ActiveCfg = Debug|Any CPU
		{F22BBC1A-1F30-43B3-B65B-0C3DFA5D7427}.Debug|Any CPU.Build.0 = Debug|Any CPU
		{F22BBC1A-1F30-43B3-B65B-0C3DFA5D7427}.Release|Any CPU.ActiveCfg = Release|Any CPU
		{F22BBC1A-1F30-43B3-B65B-0C3DFA5D7427}.Release|Any CPU.Build.0 = Release|Any CPU
		{F5E95A11-F8CE-4EBC-B182-402B14DBAF97}.Debug|Any CPU.ActiveCfg = Debug|Any CPU
		{F5E95A11-F8CE-4EBC-B182-402B14DBAF97}.Debug|Any CPU.Build.0 = Debug|Any CPU
		{F5E95A11-F8CE-4EBC-B182-402B14DBAF97}.Release|Any CPU.ActiveCfg = Release|Any CPU
		{F5E95A11-F8CE-4EBC-B182-402B14DBAF97}.Release|Any CPU.Build.0 = Release|Any CPU
		{8D4BFA43-E4C5-4B5B-8A29-4DCBAC56AC3B}.Debug|Any CPU.ActiveCfg = Debug|Any CPU
		{8D4BFA43-E4C5-4B5B-8A29-4DCBAC56AC3B}.Debug|Any CPU.Build.0 = Debug|Any CPU
		{8D4BFA43-E4C5-4B5B-8A29-4DCBAC56AC3B}.Release|Any CPU.ActiveCfg = Release|Any CPU
		{8D4BFA43-E4C5-4B5B-8A29-4DCBAC56AC3B}.Release|Any CPU.Build.0 = Release|Any CPU
		{B772DDC3-413D-4C26-988D-DD499E8EC0D1}.Debug|Any CPU.ActiveCfg = Debug|Any CPU
		{B772DDC3-413D-4C26-988D-DD499E8EC0D1}.Debug|Any CPU.Build.0 = Debug|Any CPU
		{B772DDC3-413D-4C26-988D-DD499E8EC0D1}.Release|Any CPU.ActiveCfg = Release|Any CPU
		{B772DDC3-413D-4C26-988D-DD499E8EC0D1}.Release|Any CPU.Build.0 = Release|Any CPU
		{80C2E75E-1B0C-4E7A-95C4-02C8EB14929C}.Debug|Any CPU.ActiveCfg = Debug|Any CPU
		{80C2E75E-1B0C-4E7A-95C4-02C8EB14929C}.Debug|Any CPU.Build.0 = Debug|Any CPU
		{80C2E75E-1B0C-4E7A-95C4-02C8EB14929C}.Release|Any CPU.ActiveCfg = Release|Any CPU
		{80C2E75E-1B0C-4E7A-95C4-02C8EB14929C}.Release|Any CPU.Build.0 = Release|Any CPU
	EndGlobalSection
	GlobalSection(SolutionProperties) = preSolution
		HideSolutionNode = FALSE
	EndGlobalSection
	GlobalSection(ExtensibilityGlobals) = postSolution
		SolutionGuid = {32183874-DA14-48FA-9AAF-4886777AF6CC}
	EndGlobalSection
EndGlobal
