
Microsoft Visual Studio Solution File, Format Version 12.00
# Visual Studio 14
VisualStudioVersion = 14.0.24720.0
MinimumVisualStudioVersion = 10.0.40219.1
Project("{FAE04EC0-301F-11D3-BF4B-00C04F79EFBC}") = "ICSharpCode.TextEditor", "ICSharpCode.TextEditor\Project\ICSharpCode.TextEditor.csproj", "{2D18BE89-D210-49EB-A9DD-2246FBB3DF6D}"
EndProject
Project("{FAE04EC0-301F-11D3-BF4B-00C04F79EFBC}") = "ICSharpCode.SharpDevelop.Dom", "ICSharpCode.SharpDevelop.Dom\Project\ICSharpCode.SharpDevelop.Dom.csproj", "{924EE450-603D-49C1-A8E5-4AFAA31CE6F3}"
EndProject
Project("{FAE04EC0-301F-11D3-BF4B-00C04F79EFBC}") = "NRefactory", "NRefactory\Project\NRefactory.csproj", "{3A9AE6AA-BC07-4A2F-972C-581E3AE2F195}"
EndProject
Project("{FAE04EC0-301F-11D3-BF4B-00C04F79EFBC}") = "Mono.Cecil", "Cecil\Mono.Cecil.csproj", "{174E737D-8CFD-44D7-98E9-F407DA7CEB36}"
EndProject
Global
	GlobalSection(SolutionConfigurationPlatforms) = preSolution
		Debug|Any CPU = Debug|Any CPU
		Release|Any CPU = Release|Any CPU
	EndGlobalSection
	GlobalSection(ProjectConfigurationPlatforms) = postSolution
		{2D18BE89-D210-49EB-A9DD-2246FBB3DF6D}.Debug|Any CPU.ActiveCfg = Debug|Any CPU
		{2D18BE89-D210-49EB-A9DD-2246FBB3DF6D}.Debug|Any CPU.Build.0 = Debug|Any CPU
		{2D18BE89-D210-49EB-A9DD-2246FBB3DF6D}.Release|Any CPU.ActiveCfg = Release|Any CPU
		{2D18BE89-D210-49EB-A9DD-2246FBB3DF6D}.Release|Any CPU.Build.0 = Release|Any CPU
		{924EE450-603D-49C1-A8E5-4AFAA31CE6F3}.Debug|Any CPU.ActiveCfg = Debug|Any CPU
		{924EE450-603D-49C1-A8E5-4AFAA31CE6F3}.Debug|Any CPU.Build.0 = Debug|Any CPU
		{924EE450-603D-49C1-A8E5-4AFAA31CE6F3}.Release|Any CPU.ActiveCfg = Release|Any CPU
		{924EE450-603D-49C1-A8E5-4AFAA31CE6F3}.Release|Any CPU.Build.0 = Release|Any CPU
		{3A9AE6AA-BC07-4A2F-972C-581E3AE2F195}.Debug|Any CPU.ActiveCfg = Debug|Any CPU
		{3A9AE6AA-BC07-4A2F-972C-581E3AE2F195}.Debug|Any CPU.Build.0 = Debug|Any CPU
		{3A9AE6AA-BC07-4A2F-972C-581E3AE2F195}.Release|Any CPU.ActiveCfg = Release|Any CPU
		{3A9AE6AA-BC07-4A2F-972C-581E3AE2F195}.Release|Any CPU.Build.0 = Release|Any CPU
		{174E737D-8CFD-44D7-98E9-F407DA7CEB36}.Debug|Any CPU.ActiveCfg = Debug|Any CPU
		{174E737D-8CFD-44D7-98E9-F407DA7CEB36}.Debug|Any CPU.Build.0 = Debug|Any CPU
		{174E737D-8CFD-44D7-98E9-F407DA7CEB36}.Release|Any CPU.ActiveCfg = Release|Any CPU
		{174E737D-8CFD-44D7-98E9-F407DA7CEB36}.Release|Any CPU.Build.0 = Release|Any CPU
	EndGlobalSection
	GlobalSection(SolutionProperties) = preSolution
		HideSolutionNode = FALSE
	EndGlobalSection
	GlobalSection(TeamFoundationVersionControl) = preSolution
		SccNumberOfProjects = 5
		SccEnterpriseProvider = {4CA58AB2-18FA-4F8D-95D4-32DDF27D184C}
		SccTeamFoundationServer = http://tfs:8080/tfs/microarea
		SccLocalPath0 = .
		SccProjectUniqueName1 = ICSharpCode.TextEditor\\Project\\ICSharpCode.TextEditor.csproj
		SccProjectName1 = ICSharpCode.TextEditor/Project
		SccLocalPath1 = ICSharpCode.TextEditor\\Project
		SccProjectUniqueName2 = ICSharpCode.SharpDevelop.Dom\\Project\\ICSharpCode.SharpDevelop.Dom.csproj
		SccProjectName2 = ICSharpCode.SharpDevelop.Dom/Project
		SccLocalPath2 = ICSharpCode.SharpDevelop.Dom\\Project
		SccProjectUniqueName3 = NRefactory\\Project\\NRefactory.csproj
		SccProjectName3 = NRefactory/Project
		SccLocalPath3 = NRefactory\\Project
		SccProjectUniqueName4 = Cecil\\Mono.Cecil.csproj
		SccProjectName4 = Cecil
		SccLocalPath4 = Cecil
	EndGlobalSection
EndGlobal
