<?xml version="1.0" encoding="utf-8"?>
<Project ToolsVersion="4.0" xmlns="http://schemas.microsoft.com/developer/msbuild/2003">
  <ItemGroup>
    <Filter Include="Source Files">
      <UniqueIdentifier>{e81d002e-2e56-41de-ad64-6397e4a1020f}</UniqueIdentifier>
      <Extensions>cpp;c;cxx;def;odl;idl;hpj;bat;asm</Extensions>
    </Filter>
    <Filter Include="Header Files">
      <UniqueIdentifier>{52d7e4cf-1680-4879-9590-1496adf41c82}</UniqueIdentifier>
      <Extensions>h;hpp;hxx;hm;inl;inc</Extensions>
    </Filter>
    <Filter Include="Resource Files">
      <UniqueIdentifier>{e192ddf1-6f98-4b49-a67f-233c5ed7df92}</UniqueIdentifier>
      <Extensions>rc;ico;cur;bmp;dlg;rc2;rct;bin;rgs;gif;jpg;jpeg;jpe</Extensions>
    </Filter>
  </ItemGroup>
  <ItemGroup>
    <ClCompile Include="ApplicationConfigInfo.cpp">
      <Filter>Source Files</Filter>
    </ClCompile>
    <ClCompile Include="ClientObjects.cpp">
      <Filter>Source Files</Filter>
    </ClCompile>
    <ClCompile Include="FileSystemManagerInfo.cpp">
      <Filter>Source Files</Filter>
    </ClCompile>
    <ClCompile Include="GlobalFunctions.cpp">
      <Filter>Source Files</Filter>
    </ClCompile>
    <ClCompile Include="ModuleConfigInfo.cpp">
      <Filter>Source Files</Filter>
    </ClCompile>
    <ClCompile Include="ServerConnectionInfo.cpp">
      <Filter>Source Files</Filter>
    </ClCompile>
    <ClCompile Include="stdafx.cpp">
      <Filter>Source Files</Filter>
    </ClCompile>
    <ClCompile Include="TbClientCore.cpp">
      <Filter>Source Files</Filter>
    </ClCompile>
  </ItemGroup>
  <ItemGroup>
    <None Include="TbClientCore.def">
      <Filter>Source Files</Filter>
    </None>
    <None Include="BEGINCPP.DEX">
      <Filter>Header Files</Filter>
    </None>
    <None Include="BEGINH.DEX">
      <Filter>Header Files</Filter>
    </None>
    <None Include="ENDH.DEX">
      <Filter>Header Files</Filter>
    </None>
    <None Include="Module.config" />
  </ItemGroup>
  <ItemGroup>
    <ClInclude Include="ApplicationConfigInfo.h">
      <Filter>Header Files</Filter>
    </ClInclude>
    <ClInclude Include="ClientObjects.h">
      <Filter>Header Files</Filter>
    </ClInclude>
    <ClInclude Include="FileSystemManagerInfo.h">
      <Filter>Header Files</Filter>
    </ClInclude>
    <ClInclude Include="GlobalFunctions.h">
      <Filter>Header Files</Filter>
    </ClInclude>
    <ClInclude Include="ModuleConfigInfo.h">
      <Filter>Header Files</Filter>
    </ClInclude>
    <ClInclude Include="ServerConnectionInfo.h">
      <Filter>Header Files</Filter>
    </ClInclude>
    <ClInclude Include="stdafx.h">
      <Filter>Header Files</Filter>
    </ClInclude>
  </ItemGroup>
  <ItemGroup>
    <ResourceCompile Include="TbClientCore.rc">
      <Filter>Resource Files</Filter>
    </ResourceCompile>
  </ItemGroup>
</Project>