<?xml version="1.0" encoding="utf-8"?>
<Project ToolsVersion="4.0" xmlns="http://schemas.microsoft.com/developer/msbuild/2003">
  <ItemGroup>
    <Filter Include="Source Files">
      <UniqueIdentifier>{818e454c-b76a-42f0-8d72-44e300fde2d7}</UniqueIdentifier>
      <Extensions>cpp;c;cxx;def;odl;idl;hpj;bat;asm</Extensions>
    </Filter>
    <Filter Include="Header Files">
      <UniqueIdentifier>{15ea37be-65c9-4b6e-b70f-102cc4c50bf2}</UniqueIdentifier>
      <Extensions>h;hpp;hxx;hm;inl;inc</Extensions>
    </Filter>
    <Filter Include="Resource Files">
      <UniqueIdentifier>{284f7e73-2e7b-44c8-9945-e78d21436222}</UniqueIdentifier>
      <Extensions>rc;ico;cur;bmp;dlg;rc2;rct;bin;rgs;gif;jpg;jpeg;jpe</Extensions>
    </Filter>
  </ItemGroup>
  <ItemGroup>
    <ClCompile Include="DemoView.cpp">
      <Filter>Source Files</Filter>
    </ClCompile>
    <ClCompile Include="DictionaryClasses.cpp">
      <Filter>Source Files</Filter>
    </ClCompile>
    <ClCompile Include="Generic.cpp">
      <Filter>Source Files</Filter>
    </ClCompile>
    <ClCompile Include="stdafx.cpp">
      <Filter>Source Files</Filter>
    </ClCompile>
    <ClCompile Include="StringLoader.cpp">
      <Filter>Source Files</Filter>
    </ClCompile>
    <ClCompile Include="TBStringLoader.cpp">
      <Filter>Source Files</Filter>
    </ClCompile>
  </ItemGroup>
  <ItemGroup>
    <None Include="Begincpp.dex">
      <Filter>Header Files</Filter>
    </None>
    <None Include="BEGINH.DEX">
      <Filter>Header Files</Filter>
    </None>
    <None Include="ENDH.DEX">
      <Filter>Header Files</Filter>
    </None>
    <None Include="Module.config" />
  </ItemGroup>
  <ItemGroup>
    <ClInclude Include="Const.h">
      <Filter>Header Files</Filter>
    </ClInclude>
    <ClInclude Include="DemoView.h">
      <Filter>Header Files</Filter>
    </ClInclude>
    <ClInclude Include="DictionaryClasses.h">
      <Filter>Header Files</Filter>
    </ClInclude>
    <ClInclude Include="Generic.h">
      <Filter>Header Files</Filter>
    </ClInclude>
    <ClInclude Include="stdafx.h">
      <Filter>Header Files</Filter>
    </ClInclude>
    <ClInclude Include="StringLoader.h">
      <Filter>Header Files</Filter>
    </ClInclude>
    <ClInclude Include="TBStringLoader.h">
      <Filter>Header Files</Filter>
    </ClInclude>
  </ItemGroup>
  <ItemGroup>
    <ResourceCompile Include="TBStringLoader.rc">
      <Filter>Resource Files</Filter>
    </ResourceCompile>
  </ItemGroup>
</Project>