{
    "name": "@taskbuilder/erp",
    "version": "1.0.0-beta.2",
    "lockfileVersion": 1,
    "requires": true,
    "dependencies": {
        "@types/lodash": {
            "version": "4.14.88",
            "resolved": "https://registry.npmjs.org/@types/lodash/-/lodash-4.14.88.tgz",
            "integrity": "sha512-S+7dONqCP8kXqOPCPxra7Vw8FndWS8pNfVkClMSzRCPMjXkA3BaI3ybMBCiSd4y+r1vC49UEjNthnm+fO8J/dw==",
            "dev": true
        },
        "moment": {
            "version": "2.20.1",
            "resolved": "https://registry.npmjs.org/moment/-/moment-2.20.1.tgz",
            "integrity": "sha512-Yh9y73JRljxW5QxN08Fner68eFLxM5ynNOAw2LbIB1YAGeQzZT8QFSUvkAz609Zf+IHhhaUxqZK8dG3W/+HEvg=="
        }
    }
}
