{
    "name": "@taskbuilder/erp",
    "version": "0.1.0",
    "lockfileVersion": 1,
    "requires": true,
    "dependencies": {
        "@types/lodash": {
            "version": "4.14.77",
            "resolved": "https://registry.npmjs.org/@types/lodash/-/lodash-4.14.77.tgz",
            "integrity": "sha512-sRCTcVQkIiQqRoQcazgN2PvRLS7d9BnSl8elRZR5UYlpm6XgU8F4j/0csz8WoaKKTUqa6rSuOy3Vph7AHfX7KQ=="
        },
        "loadash": {
            "version": "1.0.0",
            "resolved": "https://registry.npmjs.org/loadash/-/loadash-1.0.0.tgz",
            "integrity": "sha512-xlX5HBsXB3KG0FJbJJG/3kYWCfsCyCSus3T+uHVu6QL6YxAdggmm3QeyLgn54N2yi5/UE6xxL5ZWJAAiHzHYEg=="
        },
        "ngx-cookie": {
            "version": "1.0.0",
            "resolved": "https://registry.npmjs.org/ngx-cookie/-/ngx-cookie-1.0.0.tgz",
            "integrity": "sha1-AE/GU/69hJtN0+4sY8TPFx9GTak="
        }
    }
}
